// !$*UTF8*$!
{
	archiveVersion = 1;
	classes = {
	};
	objectVersion = 50;
	objects = {

/* Begin PBXBuildFile section */
		3E839AD691B4975FE6A91604 /* libPods-OwlTimerTests.a in Frameworks */ = {isa = PBXBuildFile; fileRef = D5AD282CE5BA0F1BEFA43F86 /* libPods-OwlTimerTests.a */; };
		AD5C3F45213091F700E03FF8 /* Owl.m4a in Resources */ = {isa = PBXBuildFile; fileRef = AD5C3F442130905800E03FF8 /* Owl.m4a */; };
		AD8470042133123600EE3E70 /* ControlPanel.storyboard in Resources */ = {isa = PBXBuildFile; fileRef = AD8470032133123600EE3E70 /* ControlPanel.storyboard */; };
		AD847006213314FE00EE3E70 /* ControlPanelViewController.swift in Sources */ = {isa = PBXBuildFile; fileRef = AD847005213314FE00EE3E70 /* ControlPanelViewController.swift */; };
		AD853AFF2111E54000FFCA02 /* DecoratorTests.swift in Sources */ = {isa = PBXBuildFile; fileRef = AD853AFE2111E54000FFCA02 /* DecoratorTests.swift */; };
		AD853B012112018E00FFCA02 /* CountdownTimerTests.swift in Sources */ = {isa = PBXBuildFile; fileRef = AD853B002112018E00FFCA02 /* CountdownTimerTests.swift */; };
		AD853B1021130DFC00FFCA02 /* Preset.swift in Sources */ = {isa = PBXBuildFile; fileRef = AD853B0F21130DFB00FFCA02 /* Preset.swift */; };
		AD853B14211313BE00FFCA02 /* readme.md in Resources */ = {isa = PBXBuildFile; fileRef = AD853B13211313BE00FFCA02 /* readme.md */; };
		ADAF7F812137380A0050BD05 /* BackingView.swift in Sources */ = {isa = PBXBuildFile; fileRef = ADAF7F802137380A0050BD05 /* BackingView.swift */; };
		ADAF7F83213738280050BD05 /* StaticImageViewController.swift in Sources */ = {isa = PBXBuildFile; fileRef = ADAF7F82213738280050BD05 /* StaticImageViewController.swift */; };
		ADAF7F852137396B0050BD05 /* StaticImageViewController.storyboard in Resources */ = {isa = PBXBuildFile; fileRef = ADAF7F842137396B0050BD05 /* StaticImageViewController.storyboard */; };
		ADAF7F8721373CEC0050BD05 /* BackingViewFactory.swift in Sources */ = {isa = PBXBuildFile; fileRef = ADAF7F8621373CEC0050BD05 /* BackingViewFactory.swift */; };
		ADAF7F8921373CF70050BD05 /* BackingViewType.swift in Sources */ = {isa = PBXBuildFile; fileRef = ADAF7F8821373CF60050BD05 /* BackingViewType.swift */; };
		ADAF7F8B2137F2EC0050BD05 /* OwlTimerDefaults.swift in Sources */ = {isa = PBXBuildFile; fileRef = ADAF7F8A2137F2EC0050BD05 /* OwlTimerDefaults.swift */; };
		ADAF7F8F2137F4FF0050BD05 /* NSView+Autolayout.m in Sources */ = {isa = PBXBuildFile; fileRef = ADAF7F8E2137F4FF0050BD05 /* NSView+Autolayout.m */; };
		ADAF7F9521395DF80050BD05 /* CountdownTimer.swift in Sources */ = {isa = PBXBuildFile; fileRef = ADAF7F9421395DF80050BD05 /* CountdownTimer.swift */; };
		ADAF7F9A2139ADB70050BD05 /* TimeStrategy.swift in Sources */ = {isa = PBXBuildFile; fileRef = ADAF7F992139ADB70050BD05 /* TimeStrategy.swift */; };
		ADAF7F9C2139ADC60050BD05 /* RealTime.swift in Sources */ = {isa = PBXBuildFile; fileRef = ADAF7F9B2139ADC50050BD05 /* RealTime.swift */; };
		ADAF7F9F213A934F0050BD05 /* StandardDefaults.plist in Resources */ = {isa = PBXBuildFile; fileRef = ADAF7F9E213A934F0050BD05 /* StandardDefaults.plist */; };
		ADAF7FE8213DAF5B0050BD05 /* PieChartViewController.swift in Sources */ = {isa = PBXBuildFile; fileRef = ADAF7FE7213DAF5A0050BD05 /* PieChartViewController.swift */; };
		ADAF7FEA213DAFF70050BD05 /* PieView.swift in Sources */ = {isa = PBXBuildFile; fileRef = ADAF7FE9213DAFF70050BD05 /* PieView.swift */; };
		ADAF7FEC213DB0220050BD05 /* PieChartViewController.storyboard in Resources */ = {isa = PBXBuildFile; fileRef = ADAF7FEB213DB0220050BD05 /* PieChartViewController.storyboard */; };
		ADAF7FEF213DB60A0050BD05 /* NSView+ViewHelpers.m in Sources */ = {isa = PBXBuildFile; fileRef = ADAF7FEE213DB6090050BD05 /* NSView+ViewHelpers.m */; };
		ADB37762210E509500F96EDF /* AppDelegate.swift in Sources */ = {isa = PBXBuildFile; fileRef = ADB37761210E509500F96EDF /* AppDelegate.swift */; };
		ADB37764210E509500F96EDF /* TimerViewController.swift in Sources */ = {isa = PBXBuildFile; fileRef = ADB37763210E509500F96EDF /* TimerViewController.swift */; };
		ADB37766210E509D00F96EDF /* Assets.xcassets in Resources */ = {isa = PBXBuildFile; fileRef = ADB37765210E509D00F96EDF /* Assets.xcassets */; };
		ADB37769210E509D00F96EDF /* Main.storyboard in Resources */ = {isa = PBXBuildFile; fileRef = ADB37767210E509D00F96EDF /* Main.storyboard */; };
		ADB37780210E50FC00F96EDF /* OwlWindow.swift in Sources */ = {isa = PBXBuildFile; fileRef = ADB3777F210E50FC00F96EDF /* OwlWindow.swift */; };
		ADB37782210E529800F96EDF /* DragDetector.swift in Sources */ = {isa = PBXBuildFile; fileRef = ADB37781210E529800F96EDF /* DragDetector.swift */; };
		E869471D4406903645F5DEA8 /* libPods-OwlTimer.a in Frameworks */ = {isa = PBXBuildFile; fileRef = 47046D54A1EABD7AE4325113 /* libPods-OwlTimer.a */; };
/* End PBXBuildFile section */

/* Begin PBXContainerItemProxy section */
		ADB37771210E509D00F96EDF /* PBXContainerItemProxy */ = {
			isa = PBXContainerItemProxy;
			containerPortal = ADB37756210E509400F96EDF /* Project object */;
			proxyType = 1;
			remoteGlobalIDString = ADB3775D210E509400F96EDF;
			remoteInfo = OwlTimer;
		};
/* End PBXContainerItemProxy section */

/* Begin PBXFileReference section */
		2B9B9EDCC2FE8ECD163E0E1C /* Pods-OwlTimer.debug.xcconfig */ = {isa = PBXFileReference; includeInIndex = 1; lastKnownFileType = text.xcconfig; name = "Pods-OwlTimer.debug.xcconfig"; path = "Pods/Target Support Files/Pods-OwlTimer/Pods-OwlTimer.debug.xcconfig"; sourceTree = "<group>"; };
		47046D54A1EABD7AE4325113 /* libPods-OwlTimer.a */ = {isa = PBXFileReference; explicitFileType = archive.ar; includeInIndex = 0; path = "libPods-OwlTimer.a"; sourceTree = BUILT_PRODUCTS_DIR; };
		7833628CBCF452973405B6E3 /* Pods-OwlTimerTests.release.xcconfig */ = {isa = PBXFileReference; includeInIndex = 1; lastKnownFileType = text.xcconfig; name = "Pods-OwlTimerTests.release.xcconfig"; path = "Pods/Target Support Files/Pods-OwlTimerTests/Pods-OwlTimerTests.release.xcconfig"; sourceTree = "<group>"; };
		AD5C3F442130905800E03FF8 /* Owl.m4a */ = {isa = PBXFileReference; lastKnownFileType = file; path = Owl.m4a; sourceTree = "<group>"; };
		AD8470032133123600EE3E70 /* ControlPanel.storyboard */ = {isa = PBXFileReference; lastKnownFileType = file.storyboard; path = ControlPanel.storyboard; sourceTree = "<group>"; };
		AD847005213314FE00EE3E70 /* ControlPanelViewController.swift */ = {isa = PBXFileReference; lastKnownFileType = sourcecode.swift; path = ControlPanelViewController.swift; sourceTree = "<group>"; };
		AD853AFE2111E54000FFCA02 /* DecoratorTests.swift */ = {isa = PBXFileReference; lastKnownFileType = sourcecode.swift; path = DecoratorTests.swift; sourceTree = "<group>"; };
		AD853B002112018E00FFCA02 /* CountdownTimerTests.swift */ = {isa = PBXFileReference; lastKnownFileType = sourcecode.swift; path = CountdownTimerTests.swift; sourceTree = "<group>"; };
		AD853B0421124C2C00FFCA02 /* sinatra.rb */ = {isa = PBXFileReference; lastKnownFileType = text.script.ruby; path = sinatra.rb; sourceTree = "<group>"; };
		AD853B0C21130D2B00FFCA02 /* presets.json */ = {isa = PBXFileReference; fileEncoding = 4; lastKnownFileType = text.json; path = presets.json; sourceTree = "<group>"; };
		AD853B0F21130DFB00FFCA02 /* Preset.swift */ = {isa = PBXFileReference; fileEncoding = 4; lastKnownFileType = sourcecode.swift; path = Preset.swift; sourceTree = "<group>"; };
		AD853B13211313BE00FFCA02 /* readme.md */ = {isa = PBXFileReference; lastKnownFileType = net.daringfireball.markdown; path = readme.md; sourceTree = "<group>"; };
		ADAF7F802137380A0050BD05 /* BackingView.swift */ = {isa = PBXFileReference; fileEncoding = 4; lastKnownFileType = sourcecode.swift; path = BackingView.swift; sourceTree = "<group>"; };
		ADAF7F82213738280050BD05 /* StaticImageViewController.swift */ = {isa = PBXFileReference; fileEncoding = 4; lastKnownFileType = sourcecode.swift; path = StaticImageViewController.swift; sourceTree = "<group>"; };
		ADAF7F842137396B0050BD05 /* StaticImageViewController.storyboard */ = {isa = PBXFileReference; lastKnownFileType = file.storyboard; path = StaticImageViewController.storyboard; sourceTree = "<group>"; };
		ADAF7F8621373CEC0050BD05 /* BackingViewFactory.swift */ = {isa = PBXFileReference; fileEncoding = 4; lastKnownFileType = sourcecode.swift; path = BackingViewFactory.swift; sourceTree = "<group>"; };
		ADAF7F8821373CF60050BD05 /* BackingViewType.swift */ = {isa = PBXFileReference; fileEncoding = 4; lastKnownFileType = sourcecode.swift; path = BackingViewType.swift; sourceTree = "<group>"; };
		ADAF7F8A2137F2EC0050BD05 /* OwlTimerDefaults.swift */ = {isa = PBXFileReference; fileEncoding = 4; lastKnownFileType = sourcecode.swift; path = OwlTimerDefaults.swift; sourceTree = "<group>"; };
		ADAF7F8C2137F4FD0050BD05 /* OwlTimer-Bridging-Header.h */ = {isa = PBXFileReference; lastKnownFileType = sourcecode.c.h; path = "OwlTimer-Bridging-Header.h"; sourceTree = "<group>"; };
		ADAF7F8D2137F4FF0050BD05 /* NSView+Autolayout.h */ = {isa = PBXFileReference; fileEncoding = 4; lastKnownFileType = sourcecode.c.h; path = "NSView+Autolayout.h"; sourceTree = "<group>"; };
		ADAF7F8E2137F4FF0050BD05 /* NSView+Autolayout.m */ = {isa = PBXFileReference; fileEncoding = 4; lastKnownFileType = sourcecode.c.objc; path = "NSView+Autolayout.m"; sourceTree = "<group>"; };
		ADAF7F9421395DF80050BD05 /* CountdownTimer.swift */ = {isa = PBXFileReference; fileEncoding = 4; lastKnownFileType = sourcecode.swift; path = CountdownTimer.swift; sourceTree = "<group>"; };
		ADAF7F982139AA6E0050BD05 /* OwlTimerTests-Bridging-Header.h */ = {isa = PBXFileReference; lastKnownFileType = sourcecode.c.h; path = "OwlTimerTests-Bridging-Header.h"; sourceTree = "<group>"; };
		ADAF7F992139ADB70050BD05 /* TimeStrategy.swift */ = {isa = PBXFileReference; fileEncoding = 4; lastKnownFileType = sourcecode.swift; path = TimeStrategy.swift; sourceTree = "<group>"; };
		ADAF7F9B2139ADC50050BD05 /* RealTime.swift */ = {isa = PBXFileReference; fileEncoding = 4; lastKnownFileType = sourcecode.swift; path = RealTime.swift; sourceTree = "<group>"; };
		ADAF7F9E213A934F0050BD05 /* StandardDefaults.plist */ = {isa = PBXFileReference; lastKnownFileType = text.plist.xml; path = StandardDefaults.plist; sourceTree = "<group>"; };
		ADAF7FE7213DAF5A0050BD05 /* PieChartViewController.swift */ = {isa = PBXFileReference; fileEncoding = 4; lastKnownFileType = sourcecode.swift; path = PieChartViewController.swift; sourceTree = "<group>"; };
		ADAF7FE9213DAFF70050BD05 /* PieView.swift */ = {isa = PBXFileReference; fileEncoding = 4; lastKnownFileType = sourcecode.swift; path = PieView.swift; sourceTree = "<group>"; };
		ADAF7FEB213DB0220050BD05 /* PieChartViewController.storyboard */ = {isa = PBXFileReference; lastKnownFileType = file.storyboard; path = PieChartViewController.storyboard; sourceTree = "<group>"; };
		ADAF7FED213DB6090050BD05 /* NSView+ViewHelpers.h */ = {isa = PBXFileReference; fileEncoding = 4; lastKnownFileType = sourcecode.c.h; path = "NSView+ViewHelpers.h"; sourceTree = "<group>"; };
		ADAF7FEE213DB6090050BD05 /* NSView+ViewHelpers.m */ = {isa = PBXFileReference; fileEncoding = 4; lastKnownFileType = sourcecode.c.objc; path = "NSView+ViewHelpers.m"; sourceTree = "<group>"; };
		ADB3775E210E509400F96EDF /* OwlTimer.app */ = {isa = PBXFileReference; explicitFileType = wrapper.application; includeInIndex = 0; path = OwlTimer.app; sourceTree = BUILT_PRODUCTS_DIR; };
		ADB37761210E509500F96EDF /* AppDelegate.swift */ = {isa = PBXFileReference; lastKnownFileType = sourcecode.swift; path = AppDelegate.swift; sourceTree = "<group>"; };
		ADB37763210E509500F96EDF /* TimerViewController.swift */ = {isa = PBXFileReference; lastKnownFileType = sourcecode.swift; path = TimerViewController.swift; sourceTree = "<group>"; };
		ADB37765210E509D00F96EDF /* Assets.xcassets */ = {isa = PBXFileReference; lastKnownFileType = folder.assetcatalog; path = Assets.xcassets; sourceTree = "<group>"; };
		ADB37768210E509D00F96EDF /* Base */ = {isa = PBXFileReference; lastKnownFileType = file.storyboard; name = Base; path = Base.lproj/Main.storyboard; sourceTree = "<group>"; };
		ADB3776A210E509D00F96EDF /* Info.plist */ = {isa = PBXFileReference; lastKnownFileType = text.plist.xml; path = Info.plist; sourceTree = "<group>"; };
		ADB3776B210E509D00F96EDF /* OwlTimer.entitlements */ = {isa = PBXFileReference; lastKnownFileType = text.plist.entitlements; path = OwlTimer.entitlements; sourceTree = "<group>"; };
		ADB37770210E509D00F96EDF /* OwlTimerTests.xctest */ = {isa = PBXFileReference; explicitFileType = wrapper.cfbundle; includeInIndex = 0; path = OwlTimerTests.xctest; sourceTree = BUILT_PRODUCTS_DIR; };
		ADB37776210E509D00F96EDF /* Info.plist */ = {isa = PBXFileReference; lastKnownFileType = text.plist.xml; path = Info.plist; sourceTree = "<group>"; };
		ADB3777F210E50FC00F96EDF /* OwlWindow.swift */ = {isa = PBXFileReference; lastKnownFileType = sourcecode.swift; path = OwlWindow.swift; sourceTree = "<group>"; };
		ADB37781210E529800F96EDF /* DragDetector.swift */ = {isa = PBXFileReference; lastKnownFileType = sourcecode.swift; path = DragDetector.swift; sourceTree = "<group>"; };
		BC63EE39D79FD07058EEC355 /* Pods-OwlTimerTests.debug.xcconfig */ = {isa = PBXFileReference; includeInIndex = 1; lastKnownFileType = text.xcconfig; name = "Pods-OwlTimerTests.debug.xcconfig"; path = "Pods/Target Support Files/Pods-OwlTimerTests/Pods-OwlTimerTests.debug.xcconfig"; sourceTree = "<group>"; };
		D5AD282CE5BA0F1BEFA43F86 /* libPods-OwlTimerTests.a */ = {isa = PBXFileReference; explicitFileType = archive.ar; includeInIndex = 0; path = "libPods-OwlTimerTests.a"; sourceTree = BUILT_PRODUCTS_DIR; };
		ECA14A0628214204C5577918 /* Pods-OwlTimer.release.xcconfig */ = {isa = PBXFileReference; includeInIndex = 1; lastKnownFileType = text.xcconfig; name = "Pods-OwlTimer.release.xcconfig"; path = "Pods/Target Support Files/Pods-OwlTimer/Pods-OwlTimer.release.xcconfig"; sourceTree = "<group>"; };
/* End PBXFileReference section */

/* Begin PBXFrameworksBuildPhase section */
		ADB3775B210E509400F96EDF /* Frameworks */ = {
			isa = PBXFrameworksBuildPhase;
			buildActionMask = 2147483647;
			files = (
				E869471D4406903645F5DEA8 /* libPods-OwlTimer.a in Frameworks */,
			);
			runOnlyForDeploymentPostprocessing = 0;
		};
		ADB3776D210E509D00F96EDF /* Frameworks */ = {
			isa = PBXFrameworksBuildPhase;
			buildActionMask = 2147483647;
			files = (
				3E839AD691B4975FE6A91604 /* libPods-OwlTimerTests.a in Frameworks */,
			);
			runOnlyForDeploymentPostprocessing = 0;
		};
/* End PBXFrameworksBuildPhase section */

/* Begin PBXGroup section */
		87230FD35EDA28D7FC1043F4 /* Frameworks */ = {
			isa = PBXGroup;
			children = (
				D5AD282CE5BA0F1BEFA43F86 /* libPods-OwlTimerTests.a */,
				47046D54A1EABD7AE4325113 /* libPods-OwlTimer.a */,
			);
			name = Frameworks;
			sourceTree = "<group>";
		};
		9062D088CD776DB1E4551B34 /* Pods */ = {
			isa = PBXGroup;
			children = (
				BC63EE39D79FD07058EEC355 /* Pods-OwlTimerTests.debug.xcconfig */,
				7833628CBCF452973405B6E3 /* Pods-OwlTimerTests.release.xcconfig */,
				2B9B9EDCC2FE8ECD163E0E1C /* Pods-OwlTimer.debug.xcconfig */,
				ECA14A0628214204C5577918 /* Pods-OwlTimer.release.xcconfig */,
			);
			name = Pods;
			sourceTree = "<group>";
		};
		AD5C3F432130903F00E03FF8 /* Resources */ = {
			isa = PBXGroup;
			children = (
				AD5C3F442130905800E03FF8 /* Owl.m4a */,
			);
			path = Resources;
			sourceTree = "<group>";
		};
		AD853B062113089000FFCA02 /* Webserver */ = {
			isa = PBXGroup;
			children = (
				AD853B07211309E100FFCA02 /* public */,
				AD853B0421124C2C00FFCA02 /* sinatra.rb */,
				AD853B13211313BE00FFCA02 /* readme.md */,
			);
			path = Webserver;
			sourceTree = "<group>";
		};
		AD853B07211309E100FFCA02 /* public */ = {
			isa = PBXGroup;
			children = (
				AD853B0C21130D2B00FFCA02 /* presets.json */,
			);
			path = public;
			sourceTree = "<group>";
		};
		AD853B0821130BF500FFCA02 /* Views */ = {
			isa = PBXGroup;
			children = (
				ADAF7F9021394E950050BD05 /* Control Panel */,
				ADAF7F7F213737C50050BD05 /* Backing Image Plugins */,
				ADAF7F91213953FB0050BD05 /* Root */,
				AD853B1E21132CFA00FFCA02 /* APIHelp */,
			);
			path = Views;
			sourceTree = "<group>";
		};
		AD853B0A21130C2C00FFCA02 /* Infrastructure */ = {
			isa = PBXGroup;
			children = (
				ADB37761210E509500F96EDF /* AppDelegate.swift */,
				ADAF7F8A2137F2EC0050BD05 /* OwlTimerDefaults.swift */,
				ADAF7F9E213A934F0050BD05 /* StandardDefaults.plist */,
			);
			path = Infrastructure;
			sourceTree = "<group>";
		};
		AD853B0E21130D5700FFCA02 /* Presets */ = {
			isa = PBXGroup;
			children = (
				AD853B0F21130DFB00FFCA02 /* Preset.swift */,
			);
			path = Presets;
			sourceTree = "<group>";
		};
		AD853B1E21132CFA00FFCA02 /* APIHelp */ = {
			isa = PBXGroup;
			children = (
				ADAF7FED213DB6090050BD05 /* NSView+ViewHelpers.h */,
				ADAF7FEE213DB6090050BD05 /* NSView+ViewHelpers.m */,
				ADAF7F8D2137F4FF0050BD05 /* NSView+Autolayout.h */,
				ADAF7F8E2137F4FF0050BD05 /* NSView+Autolayout.m */,
				ADB37781210E529800F96EDF /* DragDetector.swift */,
			);
			path = APIHelp;
			sourceTree = "<group>";
		};
		ADAF7F7F213737C50050BD05 /* Backing Image Plugins */ = {
			isa = PBXGroup;
			children = (
				ADAF7F8821373CF60050BD05 /* BackingViewType.swift */,
				ADAF7F8621373CEC0050BD05 /* BackingViewFactory.swift */,
				ADAF7F802137380A0050BD05 /* BackingView.swift */,
				ADAF7FE6213DAF270050BD05 /* plugins */,
			);
			path = "Backing Image Plugins";
			sourceTree = "<group>";
		};
		ADAF7F9021394E950050BD05 /* Control Panel */ = {
			isa = PBXGroup;
			children = (
				AD8470032133123600EE3E70 /* ControlPanel.storyboard */,
				AD847005213314FE00EE3E70 /* ControlPanelViewController.swift */,
			);
			path = "Control Panel";
			sourceTree = "<group>";
		};
		ADAF7F91213953FB0050BD05 /* Root */ = {
			isa = PBXGroup;
			children = (
				ADB37767210E509D00F96EDF /* Main.storyboard */,
				ADB3777F210E50FC00F96EDF /* OwlWindow.swift */,
				ADB37763210E509500F96EDF /* TimerViewController.swift */,
			);
			path = Root;
			sourceTree = "<group>";
		};
		ADAF7F9D2139AF1D0050BD05 /* Timer */ = {
			isa = PBXGroup;
			children = (
				ADAF7F992139ADB70050BD05 /* TimeStrategy.swift */,
				ADAF7F9B2139ADC50050BD05 /* RealTime.swift */,
				ADAF7F9421395DF80050BD05 /* CountdownTimer.swift */,
			);
			path = Timer;
			sourceTree = "<group>";
		};
		ADAF7FE6213DAF270050BD05 /* plugins */ = {
			isa = PBXGroup;
			children = (
				ADAF7FE9213DAFF70050BD05 /* PieView.swift */,
				ADAF7FE7213DAF5A0050BD05 /* PieChartViewController.swift */,
				ADAF7FEB213DB0220050BD05 /* PieChartViewController.storyboard */,
				ADAF7F82213738280050BD05 /* StaticImageViewController.swift */,
				ADAF7F842137396B0050BD05 /* StaticImageViewController.storyboard */,
			);
			path = plugins;
			sourceTree = "<group>";
		};
		ADAF7FF0213ED6F60050BD05 /* Backend Services */ = {
			isa = PBXGroup;
			children = (
			);
			path = "Backend Services";
			sourceTree = "<group>";
		};
		ADB37755210E509400F96EDF = {
			isa = PBXGroup;
			children = (
				AD853B062113089000FFCA02 /* Webserver */,
				ADB37760210E509400F96EDF /* OwlTimer */,
				ADB37773210E509D00F96EDF /* OwlTimerTests */,
				ADB3775F210E509400F96EDF /* Products */,
				9062D088CD776DB1E4551B34 /* Pods */,
				87230FD35EDA28D7FC1043F4 /* Frameworks */,
			);
			sourceTree = "<group>";
		};
		ADB3775F210E509400F96EDF /* Products */ = {
			isa = PBXGroup;
			children = (
				ADB3775E210E509400F96EDF /* OwlTimer.app */,
				ADB37770210E509D00F96EDF /* OwlTimerTests.xctest */,
			);
			name = Products;
			sourceTree = "<group>";
		};
		ADB37760210E509400F96EDF /* OwlTimer */ = {
			isa = PBXGroup;
			children = (
				ADAF7FF0213ED6F60050BD05 /* Backend Services */,
				ADAF7F8C2137F4FD0050BD05 /* OwlTimer-Bridging-Header.h */,
				AD5C3F432130903F00E03FF8 /* Resources */,
				AD853B0E21130D5700FFCA02 /* Presets */,
				ADAF7F9D2139AF1D0050BD05 /* Timer */,
				AD853B0A21130C2C00FFCA02 /* Infrastructure */,
				AD853B0821130BF500FFCA02 /* Views */,
				ADB37765210E509D00F96EDF /* Assets.xcassets */,
				ADB3776A210E509D00F96EDF /* Info.plist */,
				ADB3776B210E509D00F96EDF /* OwlTimer.entitlements */,
			);
			path = OwlTimer;
			sourceTree = "<group>";
		};
		ADB37773210E509D00F96EDF /* OwlTimerTests */ = {
			isa = PBXGroup;
			children = (
				ADB37776210E509D00F96EDF /* Info.plist */,
				AD853AFE2111E54000FFCA02 /* DecoratorTests.swift */,
				AD853B002112018E00FFCA02 /* CountdownTimerTests.swift */,
				ADAF7F982139AA6E0050BD05 /* OwlTimerTests-Bridging-Header.h */,
			);
			path = OwlTimerTests;
			sourceTree = "<group>";
		};
/* End PBXGroup section */

/* Begin PBXNativeTarget section */
		ADB3775D210E509400F96EDF /* OwlTimer */ = {
			isa = PBXNativeTarget;
			buildConfigurationList = ADB37779210E509D00F96EDF /* Build configuration list for PBXNativeTarget "OwlTimer" */;
			buildPhases = (
				ADBE13479EF590E7FC515B63 /* [CP] Check Pods Manifest.lock */,
				ADB3775A210E509400F96EDF /* Sources */,
				ADB3775B210E509400F96EDF /* Frameworks */,
				ADB3775C210E509400F96EDF /* Resources */,
			);
			buildRules = (
			);
			dependencies = (
			);
			name = OwlTimer;
			productName = OwlTimer;
			productReference = ADB3775E210E509400F96EDF /* OwlTimer.app */;
			productType = "com.apple.product-type.application";
		};
		ADB3776F210E509D00F96EDF /* OwlTimerTests */ = {
			isa = PBXNativeTarget;
			buildConfigurationList = ADB3777C210E509D00F96EDF /* Build configuration list for PBXNativeTarget "OwlTimerTests" */;
			buildPhases = (
				C3B219BEAD032EF01EE72E92 /* [CP] Check Pods Manifest.lock */,
				ADB3776C210E509D00F96EDF /* Sources */,
				ADB3776D210E509D00F96EDF /* Frameworks */,
				ADB3776E210E509D00F96EDF /* Resources */,
			);
			buildRules = (
			);
			dependencies = (
				ADB37772210E509D00F96EDF /* PBXTargetDependency */,
			);
			name = OwlTimerTests;
			productName = OwlTimerTests;
			productReference = ADB37770210E509D00F96EDF /* OwlTimerTests.xctest */;
			productType = "com.apple.product-type.bundle.unit-test";
		};
/* End PBXNativeTarget section */

/* Begin PBXProject section */
		ADB37756210E509400F96EDF /* Project object */ = {
			isa = PBXProject;
			attributes = {
				LastSwiftUpdateCheck = 1000;
				LastUpgradeCheck = 1000;
				ORGANIZATIONNAME = "Warren Burton";
				TargetAttributes = {
					ADB3775D210E509400F96EDF = {
						CreatedOnToolsVersion = 10.0;
						LastSwiftMigration = 1000;
						SystemCapabilities = {
							com.apple.Sandbox = {
								enabled = 0;
							};
						};
					};
					ADB3776F210E509D00F96EDF = {
						CreatedOnToolsVersion = 10.0;
						TestTargetID = ADB3775D210E509400F96EDF;
					};
				};
			};
			buildConfigurationList = ADB37759210E509400F96EDF /* Build configuration list for PBXProject "OwlTimer" */;
			compatibilityVersion = "Xcode 9.3";
			developmentRegion = en;
			hasScannedForEncodings = 0;
			knownRegions = (
				en,
				Base,
			);
			mainGroup = ADB37755210E509400F96EDF;
			productRefGroup = ADB3775F210E509400F96EDF /* Products */;
			projectDirPath = "";
			projectRoot = "";
			targets = (
				ADB3775D210E509400F96EDF /* OwlTimer */,
				ADB3776F210E509D00F96EDF /* OwlTimerTests */,
			);
		};
/* End PBXProject section */

/* Begin PBXResourcesBuildPhase section */
		ADB3775C210E509400F96EDF /* Resources */ = {
			isa = PBXResourcesBuildPhase;
			buildActionMask = 2147483647;
			files = (
				ADB37766210E509D00F96EDF /* Assets.xcassets in Resources */,
				ADAF7F9F213A934F0050BD05 /* StandardDefaults.plist in Resources */,
				AD5C3F45213091F700E03FF8 /* Owl.m4a in Resources */,
				AD853B14211313BE00FFCA02 /* readme.md in Resources */,
				ADAF7F852137396B0050BD05 /* StaticImageViewController.storyboard in Resources */,
				ADAF7FEC213DB0220050BD05 /* PieChartViewController.storyboard in Resources */,
				AD8470042133123600EE3E70 /* ControlPanel.storyboard in Resources */,
				ADB37769210E509D00F96EDF /* Main.storyboard in Resources */,
			);
			runOnlyForDeploymentPostprocessing = 0;
		};
		ADB3776E210E509D00F96EDF /* Resources */ = {
			isa = PBXResourcesBuildPhase;
			buildActionMask = 2147483647;
			files = (
			);
			runOnlyForDeploymentPostprocessing = 0;
		};
/* End PBXResourcesBuildPhase section */

/* Begin PBXShellScriptBuildPhase section */
		ADBE13479EF590E7FC515B63 /* [CP] Check Pods Manifest.lock */ = {
			isa = PBXShellScriptBuildPhase;
			buildActionMask = 2147483647;
			files = (
			);
			inputPaths = (
				"${PODS_PODFILE_DIR_PATH}/Podfile.lock",
				"${PODS_ROOT}/Manifest.lock",
			);
			name = "[CP] Check Pods Manifest.lock";
			outputPaths = (
				"$(DERIVED_FILE_DIR)/Pods-OwlTimer-checkManifestLockResult.txt",
			);
			runOnlyForDeploymentPostprocessing = 0;
			shellPath = /bin/sh;
			shellScript = "diff \"${PODS_PODFILE_DIR_PATH}/Podfile.lock\" \"${PODS_ROOT}/Manifest.lock\" > /dev/null\nif [ $? != 0 ] ; then\n    # print error to STDERR\n    echo \"error: The sandbox is not in sync with the Podfile.lock. Run 'pod install' or update your CocoaPods installation.\" >&2\n    exit 1\nfi\n# This output is used by Xcode 'outputs' to avoid re-running this script phase.\necho \"SUCCESS\" > \"${SCRIPT_OUTPUT_FILE_0}\"\n";
			showEnvVarsInLog = 0;
		};
		C3B219BEAD032EF01EE72E92 /* [CP] Check Pods Manifest.lock */ = {
			isa = PBXShellScriptBuildPhase;
			buildActionMask = 2147483647;
			files = (
			);
			inputPaths = (
				"${PODS_PODFILE_DIR_PATH}/Podfile.lock",
				"${PODS_ROOT}/Manifest.lock",
			);
			name = "[CP] Check Pods Manifest.lock";
			outputPaths = (
				"$(DERIVED_FILE_DIR)/Pods-OwlTimerTests-checkManifestLockResult.txt",
			);
			runOnlyForDeploymentPostprocessing = 0;
			shellPath = /bin/sh;
			shellScript = "diff \"${PODS_PODFILE_DIR_PATH}/Podfile.lock\" \"${PODS_ROOT}/Manifest.lock\" > /dev/null\nif [ $? != 0 ] ; then\n    # print error to STDERR\n    echo \"error: The sandbox is not in sync with the Podfile.lock. Run 'pod install' or update your CocoaPods installation.\" >&2\n    exit 1\nfi\n# This output is used by Xcode 'outputs' to avoid re-running this script phase.\necho \"SUCCESS\" > \"${SCRIPT_OUTPUT_FILE_0}\"\n";
			showEnvVarsInLog = 0;
		};
/* End PBXShellScriptBuildPhase section */

/* Begin PBXSourcesBuildPhase section */
		ADB3775A210E509400F96EDF /* Sources */ = {
			isa = PBXSourcesBuildPhase;
			buildActionMask = 2147483647;
			files = (
				ADAF7F9521395DF80050BD05 /* CountdownTimer.swift in Sources */,
				ADAF7F8F2137F4FF0050BD05 /* NSView+Autolayout.m in Sources */,
				AD853B1021130DFC00FFCA02 /* Preset.swift in Sources */,
				ADAF7F8721373CEC0050BD05 /* BackingViewFactory.swift in Sources */,
				ADAF7FEF213DB60A0050BD05 /* NSView+ViewHelpers.m in Sources */,
				ADB37764210E509500F96EDF /* TimerViewController.swift in Sources */,
				ADAF7F9C2139ADC60050BD05 /* RealTime.swift in Sources */,
				ADAF7FEA213DAFF70050BD05 /* PieView.swift in Sources */,
				ADAF7FE8213DAF5B0050BD05 /* PieChartViewController.swift in Sources */,
				ADAF7F9A2139ADB70050BD05 /* TimeStrategy.swift in Sources */,
				AD847006213314FE00EE3E70 /* ControlPanelViewController.swift in Sources */,
				ADAF7F8B2137F2EC0050BD05 /* OwlTimerDefaults.swift in Sources */,
				ADAF7F8921373CF70050BD05 /* BackingViewType.swift in Sources */,
				ADAF7F812137380A0050BD05 /* BackingView.swift in Sources */,
				ADAF7F83213738280050BD05 /* StaticImageViewController.swift in Sources */,
				ADB37782210E529800F96EDF /* DragDetector.swift in Sources */,
				ADB37780210E50FC00F96EDF /* OwlWindow.swift in Sources */,
				ADB37762210E509500F96EDF /* AppDelegate.swift in Sources */,
			);
			runOnlyForDeploymentPostprocessing = 0;
		};
		ADB3776C210E509D00F96EDF /* Sources */ = {
			isa = PBXSourcesBuildPhase;
			buildActionMask = 2147483647;
			files = (
				AD853B012112018E00FFCA02 /* CountdownTimerTests.swift in Sources */,
				AD853AFF2111E54000FFCA02 /* DecoratorTests.swift in Sources */,
			);
			runOnlyForDeploymentPostprocessing = 0;
		};
/* End PBXSourcesBuildPhase section */

/* Begin PBXTargetDependency section */
		ADB37772210E509D00F96EDF /* PBXTargetDependency */ = {
			isa = PBXTargetDependency;
			target = ADB3775D210E509400F96EDF /* OwlTimer */;
			targetProxy = ADB37771210E509D00F96EDF /* PBXContainerItemProxy */;
		};
/* End PBXTargetDependency section */

/* Begin PBXVariantGroup section */
		ADB37767210E509D00F96EDF /* Main.storyboard */ = {
			isa = PBXVariantGroup;
			children = (
				ADB37768210E509D00F96EDF /* Base */,
			);
			name = Main.storyboard;
			sourceTree = "<group>";
		};
/* End PBXVariantGroup section */

/* Begin XCBuildConfiguration section */
		ADB37777210E509D00F96EDF /* Debug */ = {
			isa = XCBuildConfiguration;
			buildSettings = {
				ALWAYS_SEARCH_USER_PATHS = NO;
				CLANG_ANALYZER_NONNULL = YES;
				CLANG_ANALYZER_NUMBER_OBJECT_CONVERSION = YES_AGGRESSIVE;
				CLANG_CXX_LANGUAGE_STANDARD = "gnu++14";
				CLANG_CXX_LIBRARY = "libc++";
				CLANG_ENABLE_MODULES = YES;
				CLANG_ENABLE_OBJC_ARC = YES;
				CLANG_ENABLE_OBJC_WEAK = YES;
				CLANG_WARN_BLOCK_CAPTURE_AUTORELEASING = YES;
				CLANG_WARN_BOOL_CONVERSION = YES;
				CLANG_WARN_COMMA = YES;
				CLANG_WARN_CONSTANT_CONVERSION = YES;
				CLANG_WARN_DEPRECATED_OBJC_IMPLEMENTATIONS = YES;
				CLANG_WARN_DIRECT_OBJC_ISA_USAGE = YES_ERROR;
				CLANG_WARN_DOCUMENTATION_COMMENTS = YES;
				CLANG_WARN_EMPTY_BODY = YES;
				CLANG_WARN_ENUM_CONVERSION = YES;
				CLANG_WARN_INFINITE_RECURSION = YES;
				CLANG_WARN_INT_CONVERSION = YES;
				CLANG_WARN_NON_LITERAL_NULL_CONVERSION = YES;
				CLANG_WARN_OBJC_IMPLICIT_RETAIN_SELF = YES;
				CLANG_WARN_OBJC_LITERAL_CONVERSION = YES;
				CLANG_WARN_OBJC_ROOT_CLASS = YES_ERROR;
				CLANG_WARN_RANGE_LOOP_ANALYSIS = YES;
				CLANG_WARN_STRICT_PROTOTYPES = YES;
				CLANG_WARN_SUSPICIOUS_MOVE = YES;
				CLANG_WARN_UNGUARDED_AVAILABILITY = YES_AGGRESSIVE;
				CLANG_WARN_UNREACHABLE_CODE = YES;
				CLANG_WARN__DUPLICATE_METHOD_MATCH = YES;
				CODE_SIGN_STYLE = Manual;
				COPY_PHASE_STRIP = NO;
				DEBUG_INFORMATION_FORMAT = dwarf;
				ENABLE_STRICT_OBJC_MSGSEND = YES;
				ENABLE_TESTABILITY = YES;
				GCC_C_LANGUAGE_STANDARD = gnu11;
				GCC_DYNAMIC_NO_PIC = NO;
				GCC_NO_COMMON_BLOCKS = YES;
				GCC_OPTIMIZATION_LEVEL = 0;
				GCC_PREPROCESSOR_DEFINITIONS = (
					"DEBUG=1",
					"$(inherited)",
				);
				GCC_WARN_64_TO_32_BIT_CONVERSION = YES;
				GCC_WARN_ABOUT_RETURN_TYPE = YES_ERROR;
				GCC_WARN_UNDECLARED_SELECTOR = YES;
				GCC_WARN_UNINITIALIZED_AUTOS = YES_AGGRESSIVE;
				GCC_WARN_UNUSED_FUNCTION = YES;
				GCC_WARN_UNUSED_VARIABLE = YES;
				MACOSX_DEPLOYMENT_TARGET = 10.13;
				MTL_ENABLE_DEBUG_INFO = INCLUDE_SOURCE;
				MTL_FAST_MATH = YES;
				ONLY_ACTIVE_ARCH = YES;
				SDKROOT = macosx;
				SWIFT_ACTIVE_COMPILATION_CONDITIONS = DEBUG;
				SWIFT_OPTIMIZATION_LEVEL = "-Onone";
			};
			name = Debug;
		};
		ADB37778210E509D00F96EDF /* Release */ = {
			isa = XCBuildConfiguration;
			buildSettings = {
				ALWAYS_SEARCH_USER_PATHS = NO;
				CLANG_ANALYZER_NONNULL = YES;
				CLANG_ANALYZER_NUMBER_OBJECT_CONVERSION = YES_AGGRESSIVE;
				CLANG_CXX_LANGUAGE_STANDARD = "gnu++14";
				CLANG_CXX_LIBRARY = "libc++";
				CLANG_ENABLE_MODULES = YES;
				CLANG_ENABLE_OBJC_ARC = YES;
				CLANG_ENABLE_OBJC_WEAK = YES;
				CLANG_WARN_BLOCK_CAPTURE_AUTORELEASING = YES;
				CLANG_WARN_BOOL_CONVERSION = YES;
				CLANG_WARN_COMMA = YES;
				CLANG_WARN_CONSTANT_CONVERSION = YES;
				CLANG_WARN_DEPRECATED_OBJC_IMPLEMENTATIONS = YES;
				CLANG_WARN_DIRECT_OBJC_ISA_USAGE = YES_ERROR;
				CLANG_WARN_DOCUMENTATION_COMMENTS = YES;
				CLANG_WARN_EMPTY_BODY = YES;
				CLANG_WARN_ENUM_CONVERSION = YES;
				CLANG_WARN_INFINITE_RECURSION = YES;
				CLANG_WARN_INT_CONVERSION = YES;
				CLANG_WARN_NON_LITERAL_NULL_CONVERSION = YES;
				CLANG_WARN_OBJC_IMPLICIT_RETAIN_SELF = YES;
				CLANG_WARN_OBJC_LITERAL_CONVERSION = YES;
				CLANG_WARN_OBJC_ROOT_CLASS = YES_ERROR;
				CLANG_WARN_RANGE_LOOP_ANALYSIS = YES;
				CLANG_WARN_STRICT_PROTOTYPES = YES;
				CLANG_WARN_SUSPICIOUS_MOVE = YES;
				CLANG_WARN_UNGUARDED_AVAILABILITY = YES_AGGRESSIVE;
				CLANG_WARN_UNREACHABLE_CODE = YES;
				CLANG_WARN__DUPLICATE_METHOD_MATCH = YES;
				CODE_SIGN_STYLE = Manual;
				COPY_PHASE_STRIP = NO;
				DEBUG_INFORMATION_FORMAT = "dwarf-with-dsym";
				ENABLE_NS_ASSERTIONS = NO;
				ENABLE_STRICT_OBJC_MSGSEND = YES;
				GCC_C_LANGUAGE_STANDARD = gnu11;
				GCC_NO_COMMON_BLOCKS = YES;
				GCC_WARN_64_TO_32_BIT_CONVERSION = YES;
				GCC_WARN_ABOUT_RETURN_TYPE = YES_ERROR;
				GCC_WARN_UNDECLARED_SELECTOR = YES;
				GCC_WARN_UNINITIALIZED_AUTOS = YES_AGGRESSIVE;
				GCC_WARN_UNUSED_FUNCTION = YES;
				GCC_WARN_UNUSED_VARIABLE = YES;
				MACOSX_DEPLOYMENT_TARGET = 10.13;
				MTL_ENABLE_DEBUG_INFO = NO;
				MTL_FAST_MATH = YES;
				SDKROOT = macosx;
				SWIFT_COMPILATION_MODE = wholemodule;
				SWIFT_OPTIMIZATION_LEVEL = "-O";
			};
			name = Release;
		};
		ADB3777A210E509D00F96EDF /* Debug */ = {
			isa = XCBuildConfiguration;
			baseConfigurationReference = 2B9B9EDCC2FE8ECD163E0E1C /* Pods-OwlTimer.debug.xcconfig */;
			buildSettings = {
				ASSETCATALOG_COMPILER_APPICON_NAME = AppIcon;
				CLANG_ENABLE_MODULES = YES;
				COMBINE_HIDPI_IMAGES = YES;
				DEVELOPMENT_TEAM = "";
				INFOPLIST_FILE = OwlTimer/Info.plist;
				LD_RUNPATH_SEARCH_PATHS = (
					"$(inherited)",
					"@executable_path/../Frameworks",
				);
				PRODUCT_BUNDLE_IDENTIFIER = "com.digital-dirtbag.OwlTimer";
				PRODUCT_NAME = "$(TARGET_NAME)";
				PROVISIONING_PROFILE_SPECIFIER = "";
				SWIFT_OBJC_BRIDGING_HEADER = "OwlTimer/OwlTimer-Bridging-Header.h";
				SWIFT_OPTIMIZATION_LEVEL = "-Onone";
				SWIFT_VERSION = 4.2;
			};
			name = Debug;
		};
		ADB3777B210E509D00F96EDF /* Release */ = {
			isa = XCBuildConfiguration;
			baseConfigurationReference = ECA14A0628214204C5577918 /* Pods-OwlTimer.release.xcconfig */;
			buildSettings = {
				ASSETCATALOG_COMPILER_APPICON_NAME = AppIcon;
				CLANG_ENABLE_MODULES = YES;
				COMBINE_HIDPI_IMAGES = YES;
				DEVELOPMENT_TEAM = "";
				INFOPLIST_FILE = OwlTimer/Info.plist;
				LD_RUNPATH_SEARCH_PATHS = (
					"$(inherited)",
					"@executable_path/../Frameworks",
				);
				PRODUCT_BUNDLE_IDENTIFIER = "com.digital-dirtbag.OwlTimer";
				PRODUCT_NAME = "$(TARGET_NAME)";
				PROVISIONING_PROFILE_SPECIFIER = "";
				SWIFT_OBJC_BRIDGING_HEADER = "OwlTimer/OwlTimer-Bridging-Header.h";
				SWIFT_VERSION = 4.2;
			};
			name = Release;
		};
		ADB3777D210E509D00F96EDF /* Debug */ = {
			isa = XCBuildConfiguration;
			baseConfigurationReference = BC63EE39D79FD07058EEC355 /* Pods-OwlTimerTests.debug.xcconfig */;
			buildSettings = {
				BUNDLE_LOADER = "$(TEST_HOST)";
				COMBINE_HIDPI_IMAGES = YES;
				INFOPLIST_FILE = OwlTimerTests/Info.plist;
				LD_RUNPATH_SEARCH_PATHS = (
					"$(inherited)",
					"@executable_path/../Frameworks",
					"@loader_path/../Frameworks",
				);
				PRODUCT_BUNDLE_IDENTIFIER = "com.digital-dirtbag.OwlTimerTests";
				PRODUCT_NAME = "$(TARGET_NAME)";
				SWIFT_VERSION = 4.2;
				TEST_HOST = "$(BUILT_PRODUCTS_DIR)/OwlTimer.app/Contents/MacOS/OwlTimer";
			};
			name = Debug;
		};
		ADB3777E210E509D00F96EDF /* Release */ = {
			isa = XCBuildConfiguration;
			baseConfigurationReference = 7833628CBCF452973405B6E3 /* Pods-OwlTimerTests.release.xcconfig */;
			buildSettings = {
				BUNDLE_LOADER = "$(TEST_HOST)";
				COMBINE_HIDPI_IMAGES = YES;
				INFOPLIST_FILE = OwlTimerTests/Info.plist;
				LD_RUNPATH_SEARCH_PATHS = (
					"$(inherited)",
					"@executable_path/../Frameworks",
					"@loader_path/../Frameworks",
				);
				PRODUCT_BUNDLE_IDENTIFIER = "com.digital-dirtbag.OwlTimerTests";
				PRODUCT_NAME = "$(TARGET_NAME)";
				SWIFT_VERSION = 4.2;
				TEST_HOST = "$(BUILT_PRODUCTS_DIR)/OwlTimer.app/Contents/MacOS/OwlTimer";
			};
			name = Release;
		};
/* End XCBuildConfiguration section */

/* Begin XCConfigurationList section */
		ADB37759210E509400F96EDF /* Build configuration list for PBXProject "OwlTimer" */ = {
			isa = XCConfigurationList;
			buildConfigurations = (
				ADB37777210E509D00F96EDF /* Debug */,
				ADB37778210E509D00F96EDF /* Release */,
			);
			defaultConfigurationIsVisible = 0;
			defaultConfigurationName = Release;
		};
		ADB37779210E509D00F96EDF /* Build configuration list for PBXNativeTarget "OwlTimer" */ = {
			isa = XCConfigurationList;
			buildConfigurations = (
				ADB3777A210E509D00F96EDF /* Debug */,
				ADB3777B210E509D00F96EDF /* Release */,
			);
			defaultConfigurationIsVisible = 0;
			defaultConfigurationName = Release;
		};
		ADB3777C210E509D00F96EDF /* Build configuration list for PBXNativeTarget "OwlTimerTests" */ = {
			isa = XCConfigurationList;
			buildConfigurations = (
				ADB3777D210E509D00F96EDF /* Debug */,
				ADB3777E210E509D00F96EDF /* Release */,
			);
			defaultConfigurationIsVisible = 0;
			defaultConfigurationName = Release;
		};
/* End XCConfigurationList section */
	};
	rootObject = ADB37756210E509400F96EDF /* Project object */;
}
