// !$*UTF8*$!
{
	archiveVersion = 1;
	classes = {
	};
	objectVersion = 50;
	objects = {

/* Begin PBXBuildFile section */
		3E839AD691B4975FE6A91604 /* libPods-OwlTimerTests.a in Frameworks */ = {isa = PBXBuildFile; fileRef = D5AD282CE5BA0F1BEFA43F86 /* libPods-OwlTimerTests.a */; };
		AD853AF72110F8D400FFCA02 /* SettingsController.storyboard in Resources */ = {isa = PBXBuildFile; fileRef = AD853AF62110F8D400FFCA02 /* SettingsController.storyboard */; };
		AD853AF92110F9E500FFCA02 /* SettingsController.swift in Sources */ = {isa = PBXBuildFile; fileRef = AD853AF82110F9E500FFCA02 /* SettingsController.swift */; };
		AD853AFB2111DAD600FFCA02 /* ColorWhenLessThanDecorator.swift in Sources */ = {isa = PBXBuildFile; fileRef = AD853AFA2111DAD600FFCA02 /* ColorWhenLessThanDecorator.swift */; };
		AD853AFD2111DAE200FFCA02 /* LabelDecorator.swift in Sources */ = {isa = PBXBuildFile; fileRef = AD853AFC2111DAE200FFCA02 /* LabelDecorator.swift */; };
		AD853AFF2111E54000FFCA02 /* DecoratorTests.swift in Sources */ = {isa = PBXBuildFile; fileRef = AD853AFE2111E54000FFCA02 /* DecoratorTests.swift */; };
		AD853B012112018E00FFCA02 /* CountdownTimerTests.swift in Sources */ = {isa = PBXBuildFile; fileRef = AD853B002112018E00FFCA02 /* CountdownTimerTests.swift */; };
		AD853B032112021500FFCA02 /* TimerStrategy.swift in Sources */ = {isa = PBXBuildFile; fileRef = AD853B022112021500FFCA02 /* TimerStrategy.swift */; };
		AD853B0D21130D2B00FFCA02 /* presets.json in Resources */ = {isa = PBXBuildFile; fileRef = AD853B0C21130D2B00FFCA02 /* presets.json */; };
		AD853B1021130DFC00FFCA02 /* Preset.swift in Sources */ = {isa = PBXBuildFile; fileRef = AD853B0F21130DFB00FFCA02 /* Preset.swift */; };
		AD853B1221130E6800FFCA02 /* PresetSource.swift in Sources */ = {isa = PBXBuildFile; fileRef = AD853B1121130E6800FFCA02 /* PresetSource.swift */; };
		AD853B14211313BE00FFCA02 /* readme.md in Resources */ = {isa = PBXBuildFile; fileRef = AD853B13211313BE00FFCA02 /* readme.md */; };
		AD853B192113185600FFCA02 /* ServiceFactory.swift in Sources */ = {isa = PBXBuildFile; fileRef = AD853B162113185600FFCA02 /* ServiceFactory.swift */; };
		AD853B1A2113185600FFCA02 /* PresetQuery.swift in Sources */ = {isa = PBXBuildFile; fileRef = AD853B172113185600FFCA02 /* PresetQuery.swift */; };
		AD853B1B2113185600FFCA02 /* PresetQueryService.swift in Sources */ = {isa = PBXBuildFile; fileRef = AD853B182113185600FFCA02 /* PresetQueryService.swift */; };
		AD853B1D211319AB00FFCA02 /* RemoteConfig.swift in Sources */ = {isa = PBXBuildFile; fileRef = AD853B1C211319AA00FFCA02 /* RemoteConfig.swift */; };
		ADB37762210E509500F96EDF /* AppDelegate.swift in Sources */ = {isa = PBXBuildFile; fileRef = ADB37761210E509500F96EDF /* AppDelegate.swift */; };
		ADB37764210E509500F96EDF /* TimerViewController.swift in Sources */ = {isa = PBXBuildFile; fileRef = ADB37763210E509500F96EDF /* TimerViewController.swift */; };
		ADB37766210E509D00F96EDF /* Assets.xcassets in Resources */ = {isa = PBXBuildFile; fileRef = ADB37765210E509D00F96EDF /* Assets.xcassets */; };
		ADB37769210E509D00F96EDF /* Main.storyboard in Resources */ = {isa = PBXBuildFile; fileRef = ADB37767210E509D00F96EDF /* Main.storyboard */; };
		ADB37780210E50FC00F96EDF /* OwlWindow.swift in Sources */ = {isa = PBXBuildFile; fileRef = ADB3777F210E50FC00F96EDF /* OwlWindow.swift */; };
		ADB37782210E529800F96EDF /* DragDetector.swift in Sources */ = {isa = PBXBuildFile; fileRef = ADB37781210E529800F96EDF /* DragDetector.swift */; };
		ADB37788210E601E00F96EDF /* CountdownTimer.swift in Sources */ = {isa = PBXBuildFile; fileRef = ADB37787210E601E00F96EDF /* CountdownTimer.swift */; };
		E869471D4406903645F5DEA8 /* libPods-OwlTimer.a in Frameworks */ = {isa = PBXBuildFile; fileRef = 47046D54A1EABD7AE4325113 /* libPods-OwlTimer.a */; };
/* End PBXBuildFile section */

/* Begin PBXContainerItemProxy section */
		ADB37771210E509D00F96EDF /* PBXContainerItemProxy */ = {
			isa = PBXContainerItemProxy;
			containerPortal = ADB37756210E509400F96EDF /* Project object */;
			proxyType = 1;
			remoteGlobalIDString = ADB3775D210E509400F96EDF;
			remoteInfo = OwlTimer;
		};
/* End PBXContainerItemProxy section */

/* Begin PBXFileReference section */
		2B9B9EDCC2FE8ECD163E0E1C /* Pods-OwlTimer.debug.xcconfig */ = {isa = PBXFileReference; includeInIndex = 1; lastKnownFileType = text.xcconfig; name = "Pods-OwlTimer.debug.xcconfig"; path = "Pods/Target Support Files/Pods-OwlTimer/Pods-OwlTimer.debug.xcconfig"; sourceTree = "<group>"; };
		47046D54A1EABD7AE4325113 /* libPods-OwlTimer.a */ = {isa = PBXFileReference; explicitFileType = archive.ar; includeInIndex = 0; path = "libPods-OwlTimer.a"; sourceTree = BUILT_PRODUCTS_DIR; };
		7833628CBCF452973405B6E3 /* Pods-OwlTimerTests.release.xcconfig */ = {isa = PBXFileReference; includeInIndex = 1; lastKnownFileType = text.xcconfig; name = "Pods-OwlTimerTests.release.xcconfig"; path = "Pods/Target Support Files/Pods-OwlTimerTests/Pods-OwlTimerTests.release.xcconfig"; sourceTree = "<group>"; };
		AD853AF62110F8D400FFCA02 /* SettingsController.storyboard */ = {isa = PBXFileReference; lastKnownFileType = file.storyboard; path = SettingsController.storyboard; sourceTree = "<group>"; };
		AD853AF82110F9E500FFCA02 /* SettingsController.swift */ = {isa = PBXFileReference; lastKnownFileType = sourcecode.swift; path = SettingsController.swift; sourceTree = "<group>"; };
		AD853AFA2111DAD600FFCA02 /* ColorWhenLessThanDecorator.swift */ = {isa = PBXFileReference; fileEncoding = 4; lastKnownFileType = sourcecode.swift; path = ColorWhenLessThanDecorator.swift; sourceTree = "<group>"; };
		AD853AFC2111DAE200FFCA02 /* LabelDecorator.swift */ = {isa = PBXFileReference; fileEncoding = 4; lastKnownFileType = sourcecode.swift; path = LabelDecorator.swift; sourceTree = "<group>"; };
		AD853AFE2111E54000FFCA02 /* DecoratorTests.swift */ = {isa = PBXFileReference; lastKnownFileType = sourcecode.swift; path = DecoratorTests.swift; sourceTree = "<group>"; };
		AD853B002112018E00FFCA02 /* CountdownTimerTests.swift */ = {isa = PBXFileReference; lastKnownFileType = sourcecode.swift; path = CountdownTimerTests.swift; sourceTree = "<group>"; };
		AD853B022112021500FFCA02 /* TimerStrategy.swift */ = {isa = PBXFileReference; lastKnownFileType = sourcecode.swift; path = TimerStrategy.swift; sourceTree = "<group>"; };
		AD853B0421124C2C00FFCA02 /* sinatra.rb */ = {isa = PBXFileReference; lastKnownFileType = text.script.ruby; path = sinatra.rb; sourceTree = "<group>"; };
		AD853B0C21130D2B00FFCA02 /* presets.json */ = {isa = PBXFileReference; fileEncoding = 4; lastKnownFileType = text.json; path = presets.json; sourceTree = "<group>"; };
		AD853B0F21130DFB00FFCA02 /* Preset.swift */ = {isa = PBXFileReference; fileEncoding = 4; lastKnownFileType = sourcecode.swift; path = Preset.swift; sourceTree = "<group>"; };
		AD853B1121130E6800FFCA02 /* PresetSource.swift */ = {isa = PBXFileReference; lastKnownFileType = sourcecode.swift; path = PresetSource.swift; sourceTree = "<group>"; };
		AD853B13211313BE00FFCA02 /* readme.md */ = {isa = PBXFileReference; lastKnownFileType = net.daringfireball.markdown; path = readme.md; sourceTree = "<group>"; };
		AD853B162113185600FFCA02 /* ServiceFactory.swift */ = {isa = PBXFileReference; fileEncoding = 4; lastKnownFileType = sourcecode.swift; path = ServiceFactory.swift; sourceTree = "<group>"; };
		AD853B172113185600FFCA02 /* PresetQuery.swift */ = {isa = PBXFileReference; fileEncoding = 4; lastKnownFileType = sourcecode.swift; path = PresetQuery.swift; sourceTree = "<group>"; };
		AD853B182113185600FFCA02 /* PresetQueryService.swift */ = {isa = PBXFileReference; fileEncoding = 4; lastKnownFileType = sourcecode.swift; path = PresetQueryService.swift; sourceTree = "<group>"; };
		AD853B1C211319AA00FFCA02 /* RemoteConfig.swift */ = {isa = PBXFileReference; fileEncoding = 4; lastKnownFileType = sourcecode.swift; path = RemoteConfig.swift; sourceTree = "<group>"; };
		ADB3775E210E509400F96EDF /* OwlTimer.app */ = {isa = PBXFileReference; explicitFileType = wrapper.application; includeInIndex = 0; path = OwlTimer.app; sourceTree = BUILT_PRODUCTS_DIR; };
		ADB37761210E509500F96EDF /* AppDelegate.swift */ = {isa = PBXFileReference; lastKnownFileType = sourcecode.swift; path = AppDelegate.swift; sourceTree = "<group>"; };
		ADB37763210E509500F96EDF /* TimerViewController.swift */ = {isa = PBXFileReference; lastKnownFileType = sourcecode.swift; path = TimerViewController.swift; sourceTree = "<group>"; };
		ADB37765210E509D00F96EDF /* Assets.xcassets */ = {isa = PBXFileReference; lastKnownFileType = folder.assetcatalog; path = Assets.xcassets; sourceTree = "<group>"; };
		ADB37768210E509D00F96EDF /* Base */ = {isa = PBXFileReference; lastKnownFileType = file.storyboard; name = Base; path = Base.lproj/Main.storyboard; sourceTree = "<group>"; };
		ADB3776A210E509D00F96EDF /* Info.plist */ = {isa = PBXFileReference; lastKnownFileType = text.plist.xml; path = Info.plist; sourceTree = "<group>"; };
		ADB3776B210E509D00F96EDF /* OwlTimer.entitlements */ = {isa = PBXFileReference; lastKnownFileType = text.plist.entitlements; path = OwlTimer.entitlements; sourceTree = "<group>"; };
		ADB37770210E509D00F96EDF /* OwlTimerTests.xctest */ = {isa = PBXFileReference; explicitFileType = wrapper.cfbundle; includeInIndex = 0; path = OwlTimerTests.xctest; sourceTree = BUILT_PRODUCTS_DIR; };
		ADB37776210E509D00F96EDF /* Info.plist */ = {isa = PBXFileReference; lastKnownFileType = text.plist.xml; path = Info.plist; sourceTree = "<group>"; };
		ADB3777F210E50FC00F96EDF /* OwlWindow.swift */ = {isa = PBXFileReference; lastKnownFileType = sourcecode.swift; path = OwlWindow.swift; sourceTree = "<group>"; };
		ADB37781210E529800F96EDF /* DragDetector.swift */ = {isa = PBXFileReference; lastKnownFileType = sourcecode.swift; path = DragDetector.swift; sourceTree = "<group>"; };
		ADB37787210E601E00F96EDF /* CountdownTimer.swift */ = {isa = PBXFileReference; fileEncoding = 4; lastKnownFileType = sourcecode.swift; path = CountdownTimer.swift; sourceTree = "<group>"; };
		BC63EE39D79FD07058EEC355 /* Pods-OwlTimerTests.debug.xcconfig */ = {isa = PBXFileReference; includeInIndex = 1; lastKnownFileType = text.xcconfig; name = "Pods-OwlTimerTests.debug.xcconfig"; path = "Pods/Target Support Files/Pods-OwlTimerTests/Pods-OwlTimerTests.debug.xcconfig"; sourceTree = "<group>"; };
		D5AD282CE5BA0F1BEFA43F86 /* libPods-OwlTimerTests.a */ = {isa = PBXFileReference; explicitFileType = archive.ar; includeInIndex = 0; path = "libPods-OwlTimerTests.a"; sourceTree = BUILT_PRODUCTS_DIR; };
		ECA14A0628214204C5577918 /* Pods-OwlTimer.release.xcconfig */ = {isa = PBXFileReference; includeInIndex = 1; lastKnownFileType = text.xcconfig; name = "Pods-OwlTimer.release.xcconfig"; path = "Pods/Target Support Files/Pods-OwlTimer/Pods-OwlTimer.release.xcconfig"; sourceTree = "<group>"; };
/* End PBXFileReference section */

/* Begin PBXFrameworksBuildPhase section */
		ADB3775B210E509400F96EDF /* Frameworks */ = {
			isa = PBXFrameworksBuildPhase;
			buildActionMask = 2147483647;
			files = (
				E869471D4406903645F5DEA8 /* libPods-OwlTimer.a in Frameworks */,
			);
			runOnlyForDeploymentPostprocessing = 0;
		};
		ADB3776D210E509D00F96EDF /* Frameworks */ = {
			isa = PBXFrameworksBuildPhase;
			buildActionMask = 2147483647;
			files = (
				3E839AD691B4975FE6A91604 /* libPods-OwlTimerTests.a in Frameworks */,
			);
			runOnlyForDeploymentPostprocessing = 0;
		};
/* End PBXFrameworksBuildPhase section */

/* Begin PBXGroup section */
		87230FD35EDA28D7FC1043F4 /* Frameworks */ = {
			isa = PBXGroup;
			children = (
				D5AD282CE5BA0F1BEFA43F86 /* libPods-OwlTimerTests.a */,
				47046D54A1EABD7AE4325113 /* libPods-OwlTimer.a */,
			);
			name = Frameworks;
			sourceTree = "<group>";
		};
		9062D088CD776DB1E4551B34 /* Pods */ = {
			isa = PBXGroup;
			children = (
				BC63EE39D79FD07058EEC355 /* Pods-OwlTimerTests.debug.xcconfig */,
				7833628CBCF452973405B6E3 /* Pods-OwlTimerTests.release.xcconfig */,
				2B9B9EDCC2FE8ECD163E0E1C /* Pods-OwlTimer.debug.xcconfig */,
				ECA14A0628214204C5577918 /* Pods-OwlTimer.release.xcconfig */,
			);
			name = Pods;
			sourceTree = "<group>";
		};
		AD853B062113089000FFCA02 /* Webserver */ = {
			isa = PBXGroup;
			children = (
				AD853B07211309E100FFCA02 /* public */,
				AD853B0421124C2C00FFCA02 /* sinatra.rb */,
				AD853B13211313BE00FFCA02 /* readme.md */,
			);
			path = Webserver;
			sourceTree = "<group>";
		};
		AD853B07211309E100FFCA02 /* public */ = {
			isa = PBXGroup;
			children = (
				AD853B0C21130D2B00FFCA02 /* presets.json */,
			);
			path = public;
			sourceTree = "<group>";
		};
		AD853B0821130BF500FFCA02 /* Views */ = {
			isa = PBXGroup;
			children = (
				ADB37767210E509D00F96EDF /* Main.storyboard */,
				AD853AF82110F9E500FFCA02 /* SettingsController.swift */,
				AD853AF62110F8D400FFCA02 /* SettingsController.storyboard */,
				ADB37781210E529800F96EDF /* DragDetector.swift */,
				ADB3777F210E50FC00F96EDF /* OwlWindow.swift */,
				ADB37763210E509500F96EDF /* TimerViewController.swift */,
			);
			path = Views;
			sourceTree = "<group>";
		};
		AD853B0921130C0800FFCA02 /* Timing */ = {
			isa = PBXGroup;
			children = (
				ADB37787210E601E00F96EDF /* CountdownTimer.swift */,
				AD853B022112021500FFCA02 /* TimerStrategy.swift */,
			);
			path = Timing;
			sourceTree = "<group>";
		};
		AD853B0A21130C2C00FFCA02 /* Infrastructure */ = {
			isa = PBXGroup;
			children = (
				ADB37761210E509500F96EDF /* AppDelegate.swift */,
			);
			path = Infrastructure;
			sourceTree = "<group>";
		};
		AD853B0B21130C5800FFCA02 /* Decoration */ = {
			isa = PBXGroup;
			children = (
				AD853AFC2111DAE200FFCA02 /* LabelDecorator.swift */,
				AD853AFA2111DAD600FFCA02 /* ColorWhenLessThanDecorator.swift */,
			);
			path = Decoration;
			sourceTree = "<group>";
		};
		AD853B0E21130D5700FFCA02 /* Presets */ = {
			isa = PBXGroup;
			children = (
				AD853B0F21130DFB00FFCA02 /* Preset.swift */,
				AD853B1121130E6800FFCA02 /* PresetSource.swift */,
			);
			path = Presets;
			sourceTree = "<group>";
		};
		AD853B152113180200FFCA02 /* Web API */ = {
			isa = PBXGroup;
			children = (
				AD853B1C211319AA00FFCA02 /* RemoteConfig.swift */,
				AD853B172113185600FFCA02 /* PresetQuery.swift */,
				AD853B182113185600FFCA02 /* PresetQueryService.swift */,
				AD853B162113185600FFCA02 /* ServiceFactory.swift */,
			);
			path = "Web API";
			sourceTree = "<group>";
		};
		ADB37755210E509400F96EDF = {
			isa = PBXGroup;
			children = (
				AD853B062113089000FFCA02 /* Webserver */,
				ADB37760210E509400F96EDF /* OwlTimer */,
				ADB37773210E509D00F96EDF /* OwlTimerTests */,
				ADB3775F210E509400F96EDF /* Products */,
				9062D088CD776DB1E4551B34 /* Pods */,
				87230FD35EDA28D7FC1043F4 /* Frameworks */,
			);
			sourceTree = "<group>";
		};
		ADB3775F210E509400F96EDF /* Products */ = {
			isa = PBXGroup;
			children = (
				ADB3775E210E509400F96EDF /* OwlTimer.app */,
				ADB37770210E509D00F96EDF /* OwlTimerTests.xctest */,
			);
			name = Products;
			sourceTree = "<group>";
		};
		ADB37760210E509400F96EDF /* OwlTimer */ = {
			isa = PBXGroup;
			children = (
				AD853B152113180200FFCA02 /* Web API */,
				AD853B0E21130D5700FFCA02 /* Presets */,
				AD853B0B21130C5800FFCA02 /* Decoration */,
				AD853B0A21130C2C00FFCA02 /* Infrastructure */,
				AD853B0921130C0800FFCA02 /* Timing */,
				AD853B0821130BF500FFCA02 /* Views */,
				ADB37765210E509D00F96EDF /* Assets.xcassets */,
				ADB3776A210E509D00F96EDF /* Info.plist */,
				ADB3776B210E509D00F96EDF /* OwlTimer.entitlements */,
			);
			path = OwlTimer;
			sourceTree = "<group>";
		};
		ADB37773210E509D00F96EDF /* OwlTimerTests */ = {
			isa = PBXGroup;
			children = (
				ADB37776210E509D00F96EDF /* Info.plist */,
				AD853AFE2111E54000FFCA02 /* DecoratorTests.swift */,
				AD853B002112018E00FFCA02 /* CountdownTimerTests.swift */,
			);
			path = OwlTimerTests;
			sourceTree = "<group>";
		};
/* End PBXGroup section */

/* Begin PBXNativeTarget section */
		ADB3775D210E509400F96EDF /* OwlTimer */ = {
			isa = PBXNativeTarget;
			buildConfigurationList = ADB37779210E509D00F96EDF /* Build configuration list for PBXNativeTarget "OwlTimer" */;
			buildPhases = (
				ADBE13479EF590E7FC515B63 /* [CP] Check Pods Manifest.lock */,
				ADB3775A210E509400F96EDF /* Sources */,
				ADB3775B210E509400F96EDF /* Frameworks */,
				ADB3775C210E509400F96EDF /* Resources */,
			);
			buildRules = (
			);
			dependencies = (
			);
			name = OwlTimer;
			productName = OwlTimer;
			productReference = ADB3775E210E509400F96EDF /* OwlTimer.app */;
			productType = "com.apple.product-type.application";
		};
		ADB3776F210E509D00F96EDF /* OwlTimerTests */ = {
			isa = PBXNativeTarget;
			buildConfigurationList = ADB3777C210E509D00F96EDF /* Build configuration list for PBXNativeTarget "OwlTimerTests" */;
			buildPhases = (
				C3B219BEAD032EF01EE72E92 /* [CP] Check Pods Manifest.lock */,
				ADB3776C210E509D00F96EDF /* Sources */,
				ADB3776D210E509D00F96EDF /* Frameworks */,
				ADB3776E210E509D00F96EDF /* Resources */,
			);
			buildRules = (
			);
			dependencies = (
				ADB37772210E509D00F96EDF /* PBXTargetDependency */,
			);
			name = OwlTimerTests;
			productName = OwlTimerTests;
			productReference = ADB37770210E509D00F96EDF /* OwlTimerTests.xctest */;
			productType = "com.apple.product-type.bundle.unit-test";
		};
/* End PBXNativeTarget section */

/* Begin PBXProject section */
		ADB37756210E509400F96EDF /* Project object */ = {
			isa = PBXProject;
			attributes = {
				LastSwiftUpdateCheck = 1000;
				LastUpgradeCheck = 1000;
				ORGANIZATIONNAME = "Warren Burton";
				TargetAttributes = {
					ADB3775D210E509400F96EDF = {
						CreatedOnToolsVersion = 10.0;
						SystemCapabilities = {
							com.apple.Sandbox = {
								enabled = 0;
							};
						};
					};
					ADB3776F210E509D00F96EDF = {
						CreatedOnToolsVersion = 10.0;
						TestTargetID = ADB3775D210E509400F96EDF;
					};
				};
			};
			buildConfigurationList = ADB37759210E509400F96EDF /* Build configuration list for PBXProject "OwlTimer" */;
			compatibilityVersion = "Xcode 9.3";
			developmentRegion = en;
			hasScannedForEncodings = 0;
			knownRegions = (
				en,
				Base,
			);
			mainGroup = ADB37755210E509400F96EDF;
			productRefGroup = ADB3775F210E509400F96EDF /* Products */;
			projectDirPath = "";
			projectRoot = "";
			targets = (
				ADB3775D210E509400F96EDF /* OwlTimer */,
				ADB3776F210E509D00F96EDF /* OwlTimerTests */,
			);
		};
/* End PBXProject section */

/* Begin PBXResourcesBuildPhase section */
		ADB3775C210E509400F96EDF /* Resources */ = {
			isa = PBXResourcesBuildPhase;
			buildActionMask = 2147483647;
			files = (
				AD853AF72110F8D400FFCA02 /* SettingsController.storyboard in Resources */,
				ADB37766210E509D00F96EDF /* Assets.xcassets in Resources */,
				AD853B14211313BE00FFCA02 /* readme.md in Resources */,
				ADB37769210E509D00F96EDF /* Main.storyboard in Resources */,
			);
			runOnlyForDeploymentPostprocessing = 0;
		};
		ADB3776E210E509D00F96EDF /* Resources */ = {
			isa = PBXResourcesBuildPhase;
			buildActionMask = 2147483647;
			files = (
				AD853B0D21130D2B00FFCA02 /* presets.json in Resources */,
			);
			runOnlyForDeploymentPostprocessing = 0;
		};
/* End PBXResourcesBuildPhase section */

/* Begin PBXShellScriptBuildPhase section */
		ADBE13479EF590E7FC515B63 /* [CP] Check Pods Manifest.lock */ = {
			isa = PBXShellScriptBuildPhase;
			buildActionMask = 2147483647;
			files = (
			);
			inputPaths = (
				"${PODS_PODFILE_DIR_PATH}/Podfile.lock",
				"${PODS_ROOT}/Manifest.lock",
			);
			name = "[CP] Check Pods Manifest.lock";
			outputPaths = (
				"$(DERIVED_FILE_DIR)/Pods-OwlTimer-checkManifestLockResult.txt",
			);
			runOnlyForDeploymentPostprocessing = 0;
			shellPath = /bin/sh;
			shellScript = "diff \"${PODS_PODFILE_DIR_PATH}/Podfile.lock\" \"${PODS_ROOT}/Manifest.lock\" > /dev/null\nif [ $? != 0 ] ; then\n    # print error to STDERR\n    echo \"error: The sandbox is not in sync with the Podfile.lock. Run 'pod install' or update your CocoaPods installation.\" >&2\n    exit 1\nfi\n# This output is used by Xcode 'outputs' to avoid re-running this script phase.\necho \"SUCCESS\" > \"${SCRIPT_OUTPUT_FILE_0}\"\n";
			showEnvVarsInLog = 0;
		};
		C3B219BEAD032EF01EE72E92 /* [CP] Check Pods Manifest.lock */ = {
			isa = PBXShellScriptBuildPhase;
			buildActionMask = 2147483647;
			files = (
			);
			inputPaths = (
				"${PODS_PODFILE_DIR_PATH}/Podfile.lock",
				"${PODS_ROOT}/Manifest.lock",
			);
			name = "[CP] Check Pods Manifest.lock";
			outputPaths = (
				"$(DERIVED_FILE_DIR)/Pods-OwlTimerTests-checkManifestLockResult.txt",
			);
			runOnlyForDeploymentPostprocessing = 0;
			shellPath = /bin/sh;
			shellScript = "diff \"${PODS_PODFILE_DIR_PATH}/Podfile.lock\" \"${PODS_ROOT}/Manifest.lock\" > /dev/null\nif [ $? != 0 ] ; then\n    # print error to STDERR\n    echo \"error: The sandbox is not in sync with the Podfile.lock. Run 'pod install' or update your CocoaPods installation.\" >&2\n    exit 1\nfi\n# This output is used by Xcode 'outputs' to avoid re-running this script phase.\necho \"SUCCESS\" > \"${SCRIPT_OUTPUT_FILE_0}\"\n";
			showEnvVarsInLog = 0;
		};
/* End PBXShellScriptBuildPhase section */

/* Begin PBXSourcesBuildPhase section */
		ADB3775A210E509400F96EDF /* Sources */ = {
			isa = PBXSourcesBuildPhase;
			buildActionMask = 2147483647;
			files = (
				AD853AF92110F9E500FFCA02 /* SettingsController.swift in Sources */,
				AD853B1D211319AB00FFCA02 /* RemoteConfig.swift in Sources */,
				ADB37788210E601E00F96EDF /* CountdownTimer.swift in Sources */,
				AD853B1021130DFC00FFCA02 /* Preset.swift in Sources */,
				AD853B1B2113185600FFCA02 /* PresetQueryService.swift in Sources */,
				AD853AFD2111DAE200FFCA02 /* LabelDecorator.swift in Sources */,
				AD853AFB2111DAD600FFCA02 /* ColorWhenLessThanDecorator.swift in Sources */,
				ADB37764210E509500F96EDF /* TimerViewController.swift in Sources */,
				AD853B1221130E6800FFCA02 /* PresetSource.swift in Sources */,
				AD853B032112021500FFCA02 /* TimerStrategy.swift in Sources */,
				AD853B192113185600FFCA02 /* ServiceFactory.swift in Sources */,
				ADB37782210E529800F96EDF /* DragDetector.swift in Sources */,
				ADB37780210E50FC00F96EDF /* OwlWindow.swift in Sources */,
				ADB37762210E509500F96EDF /* AppDelegate.swift in Sources */,
				AD853B1A2113185600FFCA02 /* PresetQuery.swift in Sources */,
			);
			runOnlyForDeploymentPostprocessing = 0;
		};
		ADB3776C210E509D00F96EDF /* Sources */ = {
			isa = PBXSourcesBuildPhase;
			buildActionMask = 2147483647;
			files = (
				AD853B012112018E00FFCA02 /* CountdownTimerTests.swift in Sources */,
				AD853AFF2111E54000FFCA02 /* DecoratorTests.swift in Sources */,
			);
			runOnlyForDeploymentPostprocessing = 0;
		};
/* End PBXSourcesBuildPhase section */

/* Begin PBXTargetDependency section */
		ADB37772210E509D00F96EDF /* PBXTargetDependency */ = {
			isa = PBXTargetDependency;
			target = ADB3775D210E509400F96EDF /* OwlTimer */;
			targetProxy = ADB37771210E509D00F96EDF /* PBXContainerItemProxy */;
		};
/* End PBXTargetDependency section */

/* Begin PBXVariantGroup section */
		ADB37767210E509D00F96EDF /* Main.storyboard */ = {
			isa = PBXVariantGroup;
			children = (
				ADB37768210E509D00F96EDF /* Base */,
			);
			name = Main.storyboard;
			sourceTree = "<group>";
		};
/* End PBXVariantGroup section */

/* Begin XCBuildConfiguration section */
		ADB37777210E509D00F96EDF /* Debug */ = {
			isa = XCBuildConfiguration;
			buildSettings = {
				ALWAYS_SEARCH_USER_PATHS = NO;
				CLANG_ANALYZER_NONNULL = YES;
				CLANG_ANALYZER_NUMBER_OBJECT_CONVERSION = YES_AGGRESSIVE;
				CLANG_CXX_LANGUAGE_STANDARD = "gnu++14";
				CLANG_CXX_LIBRARY = "libc++";
				CLANG_ENABLE_MODULES = YES;
				CLANG_ENABLE_OBJC_ARC = YES;
				CLANG_ENABLE_OBJC_WEAK = YES;
				CLANG_WARN_BLOCK_CAPTURE_AUTORELEASING = YES;
				CLANG_WARN_BOOL_CONVERSION = YES;
				CLANG_WARN_COMMA = YES;
				CLANG_WARN_CONSTANT_CONVERSION = YES;
				CLANG_WARN_DEPRECATED_OBJC_IMPLEMENTATIONS = YES;
				CLANG_WARN_DIRECT_OBJC_ISA_USAGE = YES_ERROR;
				CLANG_WARN_DOCUMENTATION_COMMENTS = YES;
				CLANG_WARN_EMPTY_BODY = YES;
				CLANG_WARN_ENUM_CONVERSION = YES;
				CLANG_WARN_INFINITE_RECURSION = YES;
				CLANG_WARN_INT_CONVERSION = YES;
				CLANG_WARN_NON_LITERAL_NULL_CONVERSION = YES;
				CLANG_WARN_OBJC_IMPLICIT_RETAIN_SELF = YES;
				CLANG_WARN_OBJC_LITERAL_CONVERSION = YES;
				CLANG_WARN_OBJC_ROOT_CLASS = YES_ERROR;
				CLANG_WARN_RANGE_LOOP_ANALYSIS = YES;
				CLANG_WARN_STRICT_PROTOTYPES = YES;
				CLANG_WARN_SUSPICIOUS_MOVE = YES;
				CLANG_WARN_UNGUARDED_AVAILABILITY = YES_AGGRESSIVE;
				CLANG_WARN_UNREACHABLE_CODE = YES;
				CLANG_WARN__DUPLICATE_METHOD_MATCH = YES;
				CODE_SIGN_IDENTITY = "Mac Developer";
				COPY_PHASE_STRIP = NO;
				DEBUG_INFORMATION_FORMAT = dwarf;
				ENABLE_STRICT_OBJC_MSGSEND = YES;
				ENABLE_TESTABILITY = YES;
				GCC_C_LANGUAGE_STANDARD = gnu11;
				GCC_DYNAMIC_NO_PIC = NO;
				GCC_NO_COMMON_BLOCKS = YES;
				GCC_OPTIMIZATION_LEVEL = 0;
				GCC_PREPROCESSOR_DEFINITIONS = (
					"DEBUG=1",
					"$(inherited)",
				);
				GCC_WARN_64_TO_32_BIT_CONVERSION = YES;
				GCC_WARN_ABOUT_RETURN_TYPE = YES_ERROR;
				GCC_WARN_UNDECLARED_SELECTOR = YES;
				GCC_WARN_UNINITIALIZED_AUTOS = YES_AGGRESSIVE;
				GCC_WARN_UNUSED_FUNCTION = YES;
				GCC_WARN_UNUSED_VARIABLE = YES;
				MACOSX_DEPLOYMENT_TARGET = 10.13;
				MTL_ENABLE_DEBUG_INFO = INCLUDE_SOURCE;
				MTL_FAST_MATH = YES;
				ONLY_ACTIVE_ARCH = YES;
				SDKROOT = macosx;
				SWIFT_ACTIVE_COMPILATION_CONDITIONS = DEBUG;
				SWIFT_OPTIMIZATION_LEVEL = "-Onone";
			};
			name = Debug;
		};
		ADB37778210E509D00F96EDF /* Release */ = {
			isa = XCBuildConfiguration;
			buildSettings = {
				ALWAYS_SEARCH_USER_PATHS = NO;
				CLANG_ANALYZER_NONNULL = YES;
				CLANG_ANALYZER_NUMBER_OBJECT_CONVERSION = YES_AGGRESSIVE;
				CLANG_CXX_LANGUAGE_STANDARD = "gnu++14";
				CLANG_CXX_LIBRARY = "libc++";
				CLANG_ENABLE_MODULES = YES;
				CLANG_ENABLE_OBJC_ARC = YES;
				CLANG_ENABLE_OBJC_WEAK = YES;
				CLANG_WARN_BLOCK_CAPTURE_AUTORELEASING = YES;
				CLANG_WARN_BOOL_CONVERSION = YES;
				CLANG_WARN_COMMA = YES;
				CLANG_WARN_CONSTANT_CONVERSION = YES;
				CLANG_WARN_DEPRECATED_OBJC_IMPLEMENTATIONS = YES;
				CLANG_WARN_DIRECT_OBJC_ISA_USAGE = YES_ERROR;
				CLANG_WARN_DOCUMENTATION_COMMENTS = YES;
				CLANG_WARN_EMPTY_BODY = YES;
				CLANG_WARN_ENUM_CONVERSION = YES;
				CLANG_WARN_INFINITE_RECURSION = YES;
				CLANG_WARN_INT_CONVERSION = YES;
				CLANG_WARN_NON_LITERAL_NULL_CONVERSION = YES;
				CLANG_WARN_OBJC_IMPLICIT_RETAIN_SELF = YES;
				CLANG_WARN_OBJC_LITERAL_CONVERSION = YES;
				CLANG_WARN_OBJC_ROOT_CLASS = YES_ERROR;
				CLANG_WARN_RANGE_LOOP_ANALYSIS = YES;
				CLANG_WARN_STRICT_PROTOTYPES = YES;
				CLANG_WARN_SUSPICIOUS_MOVE = YES;
				CLANG_WARN_UNGUARDED_AVAILABILITY = YES_AGGRESSIVE;
				CLANG_WARN_UNREACHABLE_CODE = YES;
				CLANG_WARN__DUPLICATE_METHOD_MATCH = YES;
				CODE_SIGN_IDENTITY = "Mac Developer";
				COPY_PHASE_STRIP = NO;
				DEBUG_INFORMATION_FORMAT = "dwarf-with-dsym";
				ENABLE_NS_ASSERTIONS = NO;
				ENABLE_STRICT_OBJC_MSGSEND = YES;
				GCC_C_LANGUAGE_STANDARD = gnu11;
				GCC_NO_COMMON_BLOCKS = YES;
				GCC_WARN_64_TO_32_BIT_CONVERSION = YES;
				GCC_WARN_ABOUT_RETURN_TYPE = YES_ERROR;
				GCC_WARN_UNDECLARED_SELECTOR = YES;
				GCC_WARN_UNINITIALIZED_AUTOS = YES_AGGRESSIVE;
				GCC_WARN_UNUSED_FUNCTION = YES;
				GCC_WARN_UNUSED_VARIABLE = YES;
				MACOSX_DEPLOYMENT_TARGET = 10.13;
				MTL_ENABLE_DEBUG_INFO = NO;
				MTL_FAST_MATH = YES;
				SDKROOT = macosx;
				SWIFT_COMPILATION_MODE = wholemodule;
				SWIFT_OPTIMIZATION_LEVEL = "-O";
			};
			name = Release;
		};
		ADB3777A210E509D00F96EDF /* Debug */ = {
			isa = XCBuildConfiguration;
			baseConfigurationReference = 2B9B9EDCC2FE8ECD163E0E1C /* Pods-OwlTimer.debug.xcconfig */;
			buildSettings = {
				ASSETCATALOG_COMPILER_APPICON_NAME = AppIcon;
				CODE_SIGN_STYLE = Automatic;
				COMBINE_HIDPI_IMAGES = YES;
				DEVELOPMENT_TEAM = 77EQ427L36;
				INFOPLIST_FILE = OwlTimer/Info.plist;
				LD_RUNPATH_SEARCH_PATHS = (
					"$(inherited)",
					"@executable_path/../Frameworks",
				);
				PRODUCT_BUNDLE_IDENTIFIER = "com.digital-dirtbag.OwlTimer";
				PRODUCT_NAME = "$(TARGET_NAME)";
				SWIFT_VERSION = 4.2;
			};
			name = Debug;
		};
		ADB3777B210E509D00F96EDF /* Release */ = {
			isa = XCBuildConfiguration;
			baseConfigurationReference = ECA14A0628214204C5577918 /* Pods-OwlTimer.release.xcconfig */;
			buildSettings = {
				ASSETCATALOG_COMPILER_APPICON_NAME = AppIcon;
				CODE_SIGN_STYLE = Automatic;
				COMBINE_HIDPI_IMAGES = YES;
				DEVELOPMENT_TEAM = 77EQ427L36;
				INFOPLIST_FILE = OwlTimer/Info.plist;
				LD_RUNPATH_SEARCH_PATHS = (
					"$(inherited)",
					"@executable_path/../Frameworks",
				);
				PRODUCT_BUNDLE_IDENTIFIER = "com.digital-dirtbag.OwlTimer";
				PRODUCT_NAME = "$(TARGET_NAME)";
				SWIFT_VERSION = 4.2;
			};
			name = Release;
		};
		ADB3777D210E509D00F96EDF /* Debug */ = {
			isa = XCBuildConfiguration;
			baseConfigurationReference = BC63EE39D79FD07058EEC355 /* Pods-OwlTimerTests.debug.xcconfig */;
			buildSettings = {
				ALWAYS_EMBED_SWIFT_STANDARD_LIBRARIES = YES;
				BUNDLE_LOADER = "$(TEST_HOST)";
				CODE_SIGN_STYLE = Automatic;
				COMBINE_HIDPI_IMAGES = YES;
				DEVELOPMENT_TEAM = 77EQ427L36;
				INFOPLIST_FILE = OwlTimerTests/Info.plist;
				LD_RUNPATH_SEARCH_PATHS = (
					"$(inherited)",
					"@executable_path/../Frameworks",
					"@loader_path/../Frameworks",
				);
				PRODUCT_BUNDLE_IDENTIFIER = "com.digital-dirtbag.OwlTimerTests";
				PRODUCT_NAME = "$(TARGET_NAME)";
				SWIFT_VERSION = 4.2;
				TEST_HOST = "$(BUILT_PRODUCTS_DIR)/OwlTimer.app/Contents/MacOS/OwlTimer";
			};
			name = Debug;
		};
		ADB3777E210E509D00F96EDF /* Release */ = {
			isa = XCBuildConfiguration;
			baseConfigurationReference = 7833628CBCF452973405B6E3 /* Pods-OwlTimerTests.release.xcconfig */;
			buildSettings = {
				ALWAYS_EMBED_SWIFT_STANDARD_LIBRARIES = YES;
				BUNDLE_LOADER = "$(TEST_HOST)";
				CODE_SIGN_STYLE = Automatic;
				COMBINE_HIDPI_IMAGES = YES;
				DEVELOPMENT_TEAM = 77EQ427L36;
				INFOPLIST_FILE = OwlTimerTests/Info.plist;
				LD_RUNPATH_SEARCH_PATHS = (
					"$(inherited)",
					"@executable_path/../Frameworks",
					"@loader_path/../Frameworks",
				);
				PRODUCT_BUNDLE_IDENTIFIER = "com.digital-dirtbag.OwlTimerTests";
				PRODUCT_NAME = "$(TARGET_NAME)";
				SWIFT_VERSION = 4.2;
				TEST_HOST = "$(BUILT_PRODUCTS_DIR)/OwlTimer.app/Contents/MacOS/OwlTimer";
			};
			name = Release;
		};
/* End XCBuildConfiguration section */

/* Begin XCConfigurationList section */
		ADB37759210E509400F96EDF /* Build configuration list for PBXProject "OwlTimer" */ = {
			isa = XCConfigurationList;
			buildConfigurations = (
				ADB37777210E509D00F96EDF /* Debug */,
				ADB37778210E509D00F96EDF /* Release */,
			);
			defaultConfigurationIsVisible = 0;
			defaultConfigurationName = Release;
		};
		ADB37779210E509D00F96EDF /* Build configuration list for PBXNativeTarget "OwlTimer" */ = {
			isa = XCConfigurationList;
			buildConfigurations = (
				ADB3777A210E509D00F96EDF /* Debug */,
				ADB3777B210E509D00F96EDF /* Release */,
			);
			defaultConfigurationIsVisible = 0;
			defaultConfigurationName = Release;
		};
		ADB3777C210E509D00F96EDF /* Build configuration list for PBXNativeTarget "OwlTimerTests" */ = {
			isa = XCConfigurationList;
			buildConfigurations = (
				ADB3777D210E509D00F96EDF /* Debug */,
				ADB3777E210E509D00F96EDF /* Release */,
			);
			defaultConfigurationIsVisible = 0;
			defaultConfigurationName = Release;
		};
/* End XCConfigurationList section */
	};
	rootObject = ADB37756210E509400F96EDF /* Project object */;
}
