// !$*UTF8*$!
{
	archiveVersion = 1;
	classes = {
	};
	objectVersion = 50;
	objects = {

/* Begin PBXBuildFile section */
		ADB37762210E509500F96EDF /* AppDelegate.swift in Sources */ = {isa = PBXBuildFile; fileRef = ADB37761210E509500F96EDF /* AppDelegate.swift */; };
		ADB37764210E509500F96EDF /* ViewController.swift in Sources */ = {isa = PBXBuildFile; fileRef = ADB37763210E509500F96EDF /* ViewController.swift */; };
		ADB37766210E509D00F96EDF /* Assets.xcassets in Resources */ = {isa = PBXBuildFile; fileRef = ADB37765210E509D00F96EDF /* Assets.xcassets */; };
		ADB37769210E509D00F96EDF /* Main.storyboard in Resources */ = {isa = PBXBuildFile; fileRef = ADB37767210E509D00F96EDF /* Main.storyboard */; };
		ADB37775210E509D00F96EDF /* OwlTimerTests.swift in Sources */ = {isa = PBXBuildFile; fileRef = ADB37774210E509D00F96EDF /* OwlTimerTests.swift */; };
/* End PBXBuildFile section */

/* Begin PBXContainerItemProxy section */
		ADB37771210E509D00F96EDF /* PBXContainerItemProxy */ = {
			isa = PBXContainerItemProxy;
			containerPortal = ADB37756210E509400F96EDF /* Project object */;
			proxyType = 1;
			remoteGlobalIDString = ADB3775D210E509400F96EDF;
			remoteInfo = OwlTimer;
		};
/* End PBXContainerItemProxy section */

/* Begin PBXFileReference section */
		ADB3775E210E509400F96EDF /* OwlTimer.app */ = {isa = PBXFileReference; explicitFileType = wrapper.application; includeInIndex = 0; path = OwlTimer.app; sourceTree = BUILT_PRODUCTS_DIR; };
		ADB37761210E509500F96EDF /* AppDelegate.swift */ = {isa = PBXFileReference; lastKnownFileType = sourcecode.swift; path = AppDelegate.swift; sourceTree = "<group>"; };
		ADB37763210E509500F96EDF /* ViewController.swift */ = {isa = PBXFileReference; lastKnownFileType = sourcecode.swift; path = ViewController.swift; sourceTree = "<group>"; };
		ADB37765210E509D00F96EDF /* Assets.xcassets */ = {isa = PBXFileReference; lastKnownFileType = folder.assetcatalog; path = Assets.xcassets; sourceTree = "<group>"; };
		ADB37768210E509D00F96EDF /* Base */ = {isa = PBXFileReference; lastKnownFileType = file.storyboard; name = Base; path = Base.lproj/Main.storyboard; sourceTree = "<group>"; };
		ADB3776A210E509D00F96EDF /* Info.plist */ = {isa = PBXFileReference; lastKnownFileType = text.plist.xml; path = Info.plist; sourceTree = "<group>"; };
		ADB3776B210E509D00F96EDF /* OwlTimer.entitlements */ = {isa = PBXFileReference; lastKnownFileType = text.plist.entitlements; path = OwlTimer.entitlements; sourceTree = "<group>"; };
		ADB37770210E509D00F96EDF /* OwlTimerTests.xctest */ = {isa = PBXFileReference; explicitFileType = wrapper.cfbundle; includeInIndex = 0; path = OwlTimerTests.xctest; sourceTree = BUILT_PRODUCTS_DIR; };
		ADB37774210E509D00F96EDF /* OwlTimerTests.swift */ = {isa = PBXFileReference; lastKnownFileType = sourcecode.swift; path = OwlTimerTests.swift; sourceTree = "<group>"; };
		ADB37776210E509D00F96EDF /* Info.plist */ = {isa = PBXFileReference; lastKnownFileType = text.plist.xml; path = Info.plist; sourceTree = "<group>"; };
/* End PBXFileReference section */

/* Begin PBXFrameworksBuildPhase section */
		ADB3775B210E509400F96EDF /* Frameworks */ = {
			isa = PBXFrameworksBuildPhase;
			buildActionMask = 2147483647;
			files = (
			);
			runOnlyForDeploymentPostprocessing = 0;
		};
		ADB3776D210E509D00F96EDF /* Frameworks */ = {
			isa = PBXFrameworksBuildPhase;
			buildActionMask = 2147483647;
			files = (
			);
			runOnlyForDeploymentPostprocessing = 0;
		};
/* End PBXFrameworksBuildPhase section */

/* Begin PBXGroup section */
		ADB37755210E509400F96EDF = {
			isa = PBXGroup;
			children = (
				ADB37760210E509400F96EDF /* OwlTimer */,
				ADB37773210E509D00F96EDF /* OwlTimerTests */,
				ADB3775F210E509400F96EDF /* Products */,
			);
			sourceTree = "<group>";
		};
		ADB3775F210E509400F96EDF /* Products */ = {
			isa = PBXGroup;
			children = (
				ADB3775E210E509400F96EDF /* OwlTimer.app */,
				ADB37770210E509D00F96EDF /* OwlTimerTests.xctest */,
			);
			name = Products;
			sourceTree = "<group>";
		};
		ADB37760210E509400F96EDF /* OwlTimer */ = {
			isa = PBXGroup;
			children = (
				ADB37761210E509500F96EDF /* AppDelegate.swift */,
				ADB37763210E509500F96EDF /* ViewController.swift */,
				ADB37765210E509D00F96EDF /* Assets.xcassets */,
				ADB37767210E509D00F96EDF /* Main.storyboard */,
				ADB3776A210E509D00F96EDF /* Info.plist */,
				ADB3776B210E509D00F96EDF /* OwlTimer.entitlements */,
			);
			path = OwlTimer;
			sourceTree = "<group>";
		};
		ADB37773210E509D00F96EDF /* OwlTimerTests */ = {
			isa = PBXGroup;
			children = (
				ADB37774210E509D00F96EDF /* OwlTimerTests.swift */,
				ADB37776210E509D00F96EDF /* Info.plist */,
			);
			path = OwlTimerTests;
			sourceTree = "<group>";
		};
/* End PBXGroup section */

/* Begin PBXNativeTarget section */
		ADB3775D210E509400F96EDF /* OwlTimer */ = {
			isa = PBXNativeTarget;
			buildConfigurationList = ADB37779210E509D00F96EDF /* Build configuration list for PBXNativeTarget "OwlTimer" */;
			buildPhases = (
				ADB3775A210E509400F96EDF /* Sources */,
				ADB3775B210E509400F96EDF /* Frameworks */,
				ADB3775C210E509400F96EDF /* Resources */,
			);
			buildRules = (
			);
			dependencies = (
			);
			name = OwlTimer;
			productName = OwlTimer;
			productReference = ADB3775E210E509400F96EDF /* OwlTimer.app */;
			productType = "com.apple.product-type.application";
		};
		ADB3776F210E509D00F96EDF /* OwlTimerTests */ = {
			isa = PBXNativeTarget;
			buildConfigurationList = ADB3777C210E509D00F96EDF /* Build configuration list for PBXNativeTarget "OwlTimerTests" */;
			buildPhases = (
				ADB3776C210E509D00F96EDF /* Sources */,
				ADB3776D210E509D00F96EDF /* Frameworks */,
				ADB3776E210E509D00F96EDF /* Resources */,
			);
			buildRules = (
			);
			dependencies = (
				ADB37772210E509D00F96EDF /* PBXTargetDependency */,
			);
			name = OwlTimerTests;
			productName = OwlTimerTests;
			productReference = ADB37770210E509D00F96EDF /* OwlTimerTests.xctest */;
			productType = "com.apple.product-type.bundle.unit-test";
		};
/* End PBXNativeTarget section */

/* Begin PBXProject section */
		ADB37756210E509400F96EDF /* Project object */ = {
			isa = PBXProject;
			attributes = {
				LastSwiftUpdateCheck = 1000;
				LastUpgradeCheck = 1000;
				ORGANIZATIONNAME = "Warren Burton";
				TargetAttributes = {
					ADB3775D210E509400F96EDF = {
						CreatedOnToolsVersion = 10.0;
					};
					ADB3776F210E509D00F96EDF = {
						CreatedOnToolsVersion = 10.0;
						TestTargetID = ADB3775D210E509400F96EDF;
					};
				};
			};
			buildConfigurationList = ADB37759210E509400F96EDF /* Build configuration list for PBXProject "OwlTimer" */;
			compatibilityVersion = "Xcode 9.3";
			developmentRegion = en;
			hasScannedForEncodings = 0;
			knownRegions = (
				en,
				Base,
			);
			mainGroup = ADB37755210E509400F96EDF;
			productRefGroup = ADB3775F210E509400F96EDF /* Products */;
			projectDirPath = "";
			projectRoot = "";
			targets = (
				ADB3775D210E509400F96EDF /* OwlTimer */,
				ADB3776F210E509D00F96EDF /* OwlTimerTests */,
			);
		};
/* End PBXProject section */

/* Begin PBXResourcesBuildPhase section */
		ADB3775C210E509400F96EDF /* Resources */ = {
			isa = PBXResourcesBuildPhase;
			buildActionMask = 2147483647;
			files = (
				ADB37766210E509D00F96EDF /* Assets.xcassets in Resources */,
				ADB37769210E509D00F96EDF /* Main.storyboard in Resources */,
			);
			runOnlyForDeploymentPostprocessing = 0;
		};
		ADB3776E210E509D00F96EDF /* Resources */ = {
			isa = PBXResourcesBuildPhase;
			buildActionMask = 2147483647;
			files = (
			);
			runOnlyForDeploymentPostprocessing = 0;
		};
/* End PBXResourcesBuildPhase section */

/* Begin PBXSourcesBuildPhase section */
		ADB3775A210E509400F96EDF /* Sources */ = {
			isa = PBXSourcesBuildPhase;
			buildActionMask = 2147483647;
			files = (
				ADB37764210E509500F96EDF /* ViewController.swift in Sources */,
				ADB37762210E509500F96EDF /* AppDelegate.swift in Sources */,
			);
			runOnlyForDeploymentPostprocessing = 0;
		};
		ADB3776C210E509D00F96EDF /* Sources */ = {
			isa = PBXSourcesBuildPhase;
			buildActionMask = 2147483647;
			files = (
				ADB37775210E509D00F96EDF /* OwlTimerTests.swift in Sources */,
			);
			runOnlyForDeploymentPostprocessing = 0;
		};
/* End PBXSourcesBuildPhase section */

/* Begin PBXTargetDependency section */
		ADB37772210E509D00F96EDF /* PBXTargetDependency */ = {
			isa = PBXTargetDependency;
			target = ADB3775D210E509400F96EDF /* OwlTimer */;
			targetProxy = ADB37771210E509D00F96EDF /* PBXContainerItemProxy */;
		};
/* End PBXTargetDependency section */

/* Begin PBXVariantGroup section */
		ADB37767210E509D00F96EDF /* Main.storyboard */ = {
			isa = PBXVariantGroup;
			children = (
				ADB37768210E509D00F96EDF /* Base */,
			);
			name = Main.storyboard;
			sourceTree = "<group>";
		};
/* End PBXVariantGroup section */

/* Begin XCBuildConfiguration section */
		ADB37777210E509D00F96EDF /* Debug */ = {
			isa = XCBuildConfiguration;
			buildSettings = {
				ALWAYS_SEARCH_USER_PATHS = NO;
				CLANG_ANALYZER_NONNULL = YES;
				CLANG_ANALYZER_NUMBER_OBJECT_CONVERSION = YES_AGGRESSIVE;
				CLANG_CXX_LANGUAGE_STANDARD = "gnu++14";
				CLANG_CXX_LIBRARY = "libc++";
				CLANG_ENABLE_MODULES = YES;
				CLANG_ENABLE_OBJC_ARC = YES;
				CLANG_ENABLE_OBJC_WEAK = YES;
				CLANG_WARN_BLOCK_CAPTURE_AUTORELEASING = YES;
				CLANG_WARN_BOOL_CONVERSION = YES;
				CLANG_WARN_COMMA = YES;
				CLANG_WARN_CONSTANT_CONVERSION = YES;
				CLANG_WARN_DEPRECATED_OBJC_IMPLEMENTATIONS = YES;
				CLANG_WARN_DIRECT_OBJC_ISA_USAGE = YES_ERROR;
				CLANG_WARN_DOCUMENTATION_COMMENTS = YES;
				CLANG_WARN_EMPTY_BODY = YES;
				CLANG_WARN_ENUM_CONVERSION = YES;
				CLANG_WARN_INFINITE_RECURSION = YES;
				CLANG_WARN_INT_CONVERSION = YES;
				CLANG_WARN_NON_LITERAL_NULL_CONVERSION = YES;
				CLANG_WARN_OBJC_IMPLICIT_RETAIN_SELF = YES;
				CLANG_WARN_OBJC_LITERAL_CONVERSION = YES;
				CLANG_WARN_OBJC_ROOT_CLASS = YES_ERROR;
				CLANG_WARN_RANGE_LOOP_ANALYSIS = YES;
				CLANG_WARN_STRICT_PROTOTYPES = YES;
				CLANG_WARN_SUSPICIOUS_MOVE = YES;
				CLANG_WARN_UNGUARDED_AVAILABILITY = YES_AGGRESSIVE;
				CLANG_WARN_UNREACHABLE_CODE = YES;
				CLANG_WARN__DUPLICATE_METHOD_MATCH = YES;
				CODE_SIGN_IDENTITY = "Mac Developer";
				COPY_PHASE_STRIP = NO;
				DEBUG_INFORMATION_FORMAT = dwarf;
				ENABLE_STRICT_OBJC_MSGSEND = YES;
				ENABLE_TESTABILITY = YES;
				GCC_C_LANGUAGE_STANDARD = gnu11;
				GCC_DYNAMIC_NO_PIC = NO;
				GCC_NO_COMMON_BLOCKS = YES;
				GCC_OPTIMIZATION_LEVEL = 0;
				GCC_PREPROCESSOR_DEFINITIONS = (
					"DEBUG=1",
					"$(inherited)",
				);
				GCC_WARN_64_TO_32_BIT_CONVERSION = YES;
				GCC_WARN_ABOUT_RETURN_TYPE = YES_ERROR;
				GCC_WARN_UNDECLARED_SELECTOR = YES;
				GCC_WARN_UNINITIALIZED_AUTOS = YES_AGGRESSIVE;
				GCC_WARN_UNUSED_FUNCTION = YES;
				GCC_WARN_UNUSED_VARIABLE = YES;
				MACOSX_DEPLOYMENT_TARGET = 10.13;
				MTL_ENABLE_DEBUG_INFO = INCLUDE_SOURCE;
				MTL_FAST_MATH = YES;
				ONLY_ACTIVE_ARCH = YES;
				SDKROOT = macosx;
				SWIFT_ACTIVE_COMPILATION_CONDITIONS = DEBUG;
				SWIFT_OPTIMIZATION_LEVEL = "-Onone";
			};
			name = Debug;
		};
		ADB37778210E509D00F96EDF /* Release */ = {
			isa = XCBuildConfiguration;
			buildSettings = {
				ALWAYS_SEARCH_USER_PATHS = NO;
				CLANG_ANALYZER_NONNULL = YES;
				CLANG_ANALYZER_NUMBER_OBJECT_CONVERSION = YES_AGGRESSIVE;
				CLANG_CXX_LANGUAGE_STANDARD = "gnu++14";
				CLANG_CXX_LIBRARY = "libc++";
				CLANG_ENABLE_MODULES = YES;
				CLANG_ENABLE_OBJC_ARC = YES;
				CLANG_ENABLE_OBJC_WEAK = YES;
				CLANG_WARN_BLOCK_CAPTURE_AUTORELEASING = YES;
				CLANG_WARN_BOOL_CONVERSION = YES;
				CLANG_WARN_COMMA = YES;
				CLANG_WARN_CONSTANT_CONVERSION = YES;
				CLANG_WARN_DEPRECATED_OBJC_IMPLEMENTATIONS = YES;
				CLANG_WARN_DIRECT_OBJC_ISA_USAGE = YES_ERROR;
				CLANG_WARN_DOCUMENTATION_COMMENTS = YES;
				CLANG_WARN_EMPTY_BODY = YES;
				CLANG_WARN_ENUM_CONVERSION = YES;
				CLANG_WARN_INFINITE_RECURSION = YES;
				CLANG_WARN_INT_CONVERSION = YES;
				CLANG_WARN_NON_LITERAL_NULL_CONVERSION = YES;
				CLANG_WARN_OBJC_IMPLICIT_RETAIN_SELF = YES;
				CLANG_WARN_OBJC_LITERAL_CONVERSION = YES;
				CLANG_WARN_OBJC_ROOT_CLASS = YES_ERROR;
				CLANG_WARN_RANGE_LOOP_ANALYSIS = YES;
				CLANG_WARN_STRICT_PROTOTYPES = YES;
				CLANG_WARN_SUSPICIOUS_MOVE = YES;
				CLANG_WARN_UNGUARDED_AVAILABILITY = YES_AGGRESSIVE;
				CLANG_WARN_UNREACHABLE_CODE = YES;
				CLANG_WARN__DUPLICATE_METHOD_MATCH = YES;
				CODE_SIGN_IDENTITY = "Mac Developer";
				COPY_PHASE_STRIP = NO;
				DEBUG_INFORMATION_FORMAT = "dwarf-with-dsym";
				ENABLE_NS_ASSERTIONS = NO;
				ENABLE_STRICT_OBJC_MSGSEND = YES;
				GCC_C_LANGUAGE_STANDARD = gnu11;
				GCC_NO_COMMON_BLOCKS = YES;
				GCC_WARN_64_TO_32_BIT_CONVERSION = YES;
				GCC_WARN_ABOUT_RETURN_TYPE = YES_ERROR;
				GCC_WARN_UNDECLARED_SELECTOR = YES;
				GCC_WARN_UNINITIALIZED_AUTOS = YES_AGGRESSIVE;
				GCC_WARN_UNUSED_FUNCTION = YES;
				GCC_WARN_UNUSED_VARIABLE = YES;
				MACOSX_DEPLOYMENT_TARGET = 10.13;
				MTL_ENABLE_DEBUG_INFO = NO;
				MTL_FAST_MATH = YES;
				SDKROOT = macosx;
				SWIFT_COMPILATION_MODE = wholemodule;
				SWIFT_OPTIMIZATION_LEVEL = "-O";
			};
			name = Release;
		};
		ADB3777A210E509D00F96EDF /* Debug */ = {
			isa = XCBuildConfiguration;
			buildSettings = {
				ASSETCATALOG_COMPILER_APPICON_NAME = AppIcon;
				CODE_SIGN_ENTITLEMENTS = OwlTimer/OwlTimer.entitlements;
				CODE_SIGN_STYLE = Automatic;
				COMBINE_HIDPI_IMAGES = YES;
				DEVELOPMENT_TEAM = 77EQ427L36;
				INFOPLIST_FILE = OwlTimer/Info.plist;
				LD_RUNPATH_SEARCH_PATHS = (
					"$(inherited)",
					"@executable_path/../Frameworks",
				);
				PRODUCT_BUNDLE_IDENTIFIER = "com.digital-dirtbag.OwlTimer";
				PRODUCT_NAME = "$(TARGET_NAME)";
				SWIFT_VERSION = 4.2;
			};
			name = Debug;
		};
		ADB3777B210E509D00F96EDF /* Release */ = {
			isa = XCBuildConfiguration;
			buildSettings = {
				ASSETCATALOG_COMPILER_APPICON_NAME = AppIcon;
				CODE_SIGN_ENTITLEMENTS = OwlTimer/OwlTimer.entitlements;
				CODE_SIGN_STYLE = Automatic;
				COMBINE_HIDPI_IMAGES = YES;
				DEVELOPMENT_TEAM = 77EQ427L36;
				INFOPLIST_FILE = OwlTimer/Info.plist;
				LD_RUNPATH_SEARCH_PATHS = (
					"$(inherited)",
					"@executable_path/../Frameworks",
				);
				PRODUCT_BUNDLE_IDENTIFIER = "com.digital-dirtbag.OwlTimer";
				PRODUCT_NAME = "$(TARGET_NAME)";
				SWIFT_VERSION = 4.2;
			};
			name = Release;
		};
		ADB3777D210E509D00F96EDF /* Debug */ = {
			isa = XCBuildConfiguration;
			buildSettings = {
				ALWAYS_EMBED_SWIFT_STANDARD_LIBRARIES = YES;
				BUNDLE_LOADER = "$(TEST_HOST)";
				CODE_SIGN_STYLE = Automatic;
				COMBINE_HIDPI_IMAGES = YES;
				DEVELOPMENT_TEAM = 77EQ427L36;
				INFOPLIST_FILE = OwlTimerTests/Info.plist;
				LD_RUNPATH_SEARCH_PATHS = (
					"$(inherited)",
					"@executable_path/../Frameworks",
					"@loader_path/../Frameworks",
				);
				PRODUCT_BUNDLE_IDENTIFIER = "com.digital-dirtbag.OwlTimerTests";
				PRODUCT_NAME = "$(TARGET_NAME)";
				SWIFT_VERSION = 4.2;
				TEST_HOST = "$(BUILT_PRODUCTS_DIR)/OwlTimer.app/Contents/MacOS/OwlTimer";
			};
			name = Debug;
		};
		ADB3777E210E509D00F96EDF /* Release */ = {
			isa = XCBuildConfiguration;
			buildSettings = {
				ALWAYS_EMBED_SWIFT_STANDARD_LIBRARIES = YES;
				BUNDLE_LOADER = "$(TEST_HOST)";
				CODE_SIGN_STYLE = Automatic;
				COMBINE_HIDPI_IMAGES = YES;
				DEVELOPMENT_TEAM = 77EQ427L36;
				INFOPLIST_FILE = OwlTimerTests/Info.plist;
				LD_RUNPATH_SEARCH_PATHS = (
					"$(inherited)",
					"@executable_path/../Frameworks",
					"@loader_path/../Frameworks",
				);
				PRODUCT_BUNDLE_IDENTIFIER = "com.digital-dirtbag.OwlTimerTests";
				PRODUCT_NAME = "$(TARGET_NAME)";
				SWIFT_VERSION = 4.2;
				TEST_HOST = "$(BUILT_PRODUCTS_DIR)/OwlTimer.app/Contents/MacOS/OwlTimer";
			};
			name = Release;
		};
/* End XCBuildConfiguration section */

/* Begin XCConfigurationList section */
		ADB37759210E509400F96EDF /* Build configuration list for PBXProject "OwlTimer" */ = {
			isa = XCConfigurationList;
			buildConfigurations = (
				ADB37777210E509D00F96EDF /* Debug */,
				ADB37778210E509D00F96EDF /* Release */,
			);
			defaultConfigurationIsVisible = 0;
			defaultConfigurationName = Release;
		};
		ADB37779210E509D00F96EDF /* Build configuration list for PBXNativeTarget "OwlTimer" */ = {
			isa = XCConfigurationList;
			buildConfigurations = (
				ADB3777A210E509D00F96EDF /* Debug */,
				ADB3777B210E509D00F96EDF /* Release */,
			);
			defaultConfigurationIsVisible = 0;
			defaultConfigurationName = Release;
		};
		ADB3777C210E509D00F96EDF /* Build configuration list for PBXNativeTarget "OwlTimerTests" */ = {
			isa = XCConfigurationList;
			buildConfigurations = (
				ADB3777D210E509D00F96EDF /* Debug */,
				ADB3777E210E509D00F96EDF /* Release */,
			);
			defaultConfigurationIsVisible = 0;
			defaultConfigurationName = Release;
		};
/* End XCConfigurationList section */
	};
	rootObject = ADB37756210E509400F96EDF /* Project object */;
}
